
Microsoft Visual Studio Solution File, Format Version 12.00
# Visual Studio Version 17
VisualStudioVersion = 17.0.31903.59
MinimumVisualStudioVersion = 10.0.40219.1
Project("{FAE04EC0-301F-11D3-BF4B-00C04F79EFBC}") = "Day 1", "Day 1\Day 1.csproj", "{B08764FC-2CD6-4DA5-8854-3693E88724BD}"
EndProject
Project("{FAE04EC0-301F-11D3-BF4B-00C04F79EFBC}") = "Day02", "Day02\Day02.csproj", "{C5535C04-3CF5-4456-A4CE-86DF656990EA}"
EndProject
Project("{FAE04EC0-301F-11D3-BF4B-00C04F79EFBC}") = "Day03", "Day03\Day03.csproj", "{D087271B-E7B6-4D98-B83B-89B2F78C93D5}"
EndProject
Project("{FAE04EC0-301F-11D3-BF4B-00C04F79EFBC}") = "Day04", "Day04\Day04.csproj", "{56C02948-64A0-430B-933C-E84FD131D108}"
EndProject
Project("{FAE04EC0-301F-11D3-BF4B-00C04F79EFBC}") = "Day05", "Day05\Day05.csproj", "{46686814-23B1-4732-B979-E7B36612E437}"
EndProject
Project("{2150E333-8FDC-42A3-9474-1A3956D46DE8}") = "Day01-02", "Day01-02", "{AD4D0D34-8816-41ED-BDF2-AD9491E20D97}"
EndProject
Project("{FAE04EC0-301F-11D3-BF4B-00C04F79EFBC}") = "Day06", "Day06\Day06.csproj", "{13B22711-4E0B-418D-8CF7-A3AF30347D8E}"
EndProject
Project("{FAE04EC0-301F-11D3-BF4B-00C04F79EFBC}") = "Encapsulation", "Encapsulation\Encapsulation.csproj", "{05406AF6-4BA9-4F5F-8E32-C450E208B6CB}"
EndProject
Project("{FAE04EC0-301F-11D3-BF4B-00C04F79EFBC}") = "Overriding", "Encapsulation2\Encapsulation2.csproj", "{916CAB7F-01AB-456F-A0D7-22FE10752EA1}"
EndProject
Project("{FAE04EC0-301F-11D3-BF4B-00C04F79EFBC}") = "Overriding", "Overriding\Overriding.csproj", "{77D275B2-BAE8-403E-89BB-4F6A764BA305}"
EndProject
Project("{FAE04EC0-301F-11D3-BF4B-00C04F79EFBC}") = "MethodHiding", "MethodHiding\MethodHiding.csproj", "{C49D0145-462D-4A2B-8C47-656AD777AD81}"
EndProject
Project("{FAE04EC0-301F-11D3-BF4B-00C04F79EFBC}") = "ConstReadOnly", "ConstReadOnly\ConstReadOnly.csproj", "{5D8CC303-DBBA-4B28-B5F6-BB21171A4D5B}"
EndProject
Project("{2150E333-8FDC-42A3-9474-1A3956D46DE8}") = "Day03", "Day03", "{F0FB5A78-03DF-43A8-9D07-A15CAF2B8049}"
EndProject
Project("{FAE04EC0-301F-11D3-BF4B-00C04F79EFBC}") = "StackHeap", "StackHeap\StackHeap.csproj", "{DDAF59E4-8321-4C01-8CB0-C1ED95A50CA1}"
EndProject
Project("{FAE04EC0-301F-11D3-BF4B-00C04F79EFBC}") = "StringvsStringBuilder", "StringvsStringBuilder\StringvsStringBuilder.csproj", "{6B3D3334-F009-4977-A659-D735C0121710}"
EndProject
Project("{FAE04EC0-301F-11D3-BF4B-00C04F79EFBC}") = "ReadOnlyArray", "ReadOnlyArray\ReadOnlyArray.csproj", "{3A72C932-8B05-4750-8034-9178EA830A66}"
EndProject
Project("{FAE04EC0-301F-11D3-BF4B-00C04F79EFBC}") = "Composition", "Composition\Composition.csproj", "{9015F103-9914-45C7-95F4-7885EFA83950}"
EndProject
Project("{FAE04EC0-301F-11D3-BF4B-00C04F79EFBC}") = "IntegerVoidAdder", "IntegerVoidAdder\IntegerVoidAdder.csproj", "{C7C0055F-4348-457D-99D8-58ED25F78359}"
EndProject
Project("{FAE04EC0-301F-11D3-BF4B-00C04F79EFBC}") = "Ref", "Ref\Ref.csproj", "{F8593BF5-1374-412C-A65D-E6AD4C16BEC6}"
EndProject
Project("{FAE04EC0-301F-11D3-BF4B-00C04F79EFBC}") = "In", "In\In.csproj", "{18D11BB4-9AE0-4C3E-984C-6D80C8833E9C}"
EndProject
Project("{FAE04EC0-301F-11D3-BF4B-00C04F79EFBC}") = "Out", "Out\Out.csproj", "{0070F83A-9815-4B66-BF99-DBB25804BD25}"
EndProject
Project("{FAE04EC0-301F-11D3-BF4B-00C04F79EFBC}") = "Properties", "Properties\Properties.csproj", "{496D9455-41A2-4F66-A7D8-2DA534BC8EFE}"
EndProject
Project("{2150E333-8FDC-42A3-9474-1A3956D46DE8}") = "Day04", "Day04", "{6F4D63F7-92E0-4D1B-9BDD-446C7C22F2B5}"
EndProject
Project("{FAE04EC0-301F-11D3-BF4B-00C04F79EFBC}") = "Abstraction", "Abstraction\Abstraction.csproj", "{6F99CB08-32CD-482E-8BC5-1E2D5522A57D}"
EndProject
Project("{FAE04EC0-301F-11D3-BF4B-00C04F79EFBC}") = "Abstraction2", "Abstraction2\Abstraction2.csproj", "{F79FFB39-719F-4502-9F20-7F10E9D16F85}"
EndProject
Project("{FAE04EC0-301F-11D3-BF4B-00C04F79EFBC}") = "Interface", "Interface\Interface.csproj", "{3AF6FAA9-1452-4920-BE69-3D5C600BDAA5}"
EndProject
Project("{FAE04EC0-301F-11D3-BF4B-00C04F79EFBC}") = "InterfaceSeggregation", "InterfaceSeggregation\InterfaceSeggregation.csproj", "{5398A0DF-2A5C-4D15-AD68-63E8F3F2016E}"
EndProject
Project("{FAE04EC0-301F-11D3-BF4B-00C04F79EFBC}") = "Static", "Static\Static.csproj", "{F885984C-6BF5-4ECB-A978-71B583ECE40D}"
EndProject
Project("{2150E333-8FDC-42A3-9474-1A3956D46DE8}") = "Day05", "Day05", "{BB434093-7EE9-4EDA-8897-637D02880261}"
EndProject
Project("{FAE04EC0-301F-11D3-BF4B-00C04F79EFBC}") = "Enum", "Enum\Enum.csproj", "{E454BAC8-575E-4D74-A8D0-87EBB27F648B}"
EndProject
Project("{FAE04EC0-301F-11D3-BF4B-00C04F79EFBC}") = "Libary", "Libary\Libary.csproj", "{70230D52-A31C-47DC-A942-C23CA8AD8CD9}"
EndProject
Project("{FAE04EC0-301F-11D3-BF4B-00C04F79EFBC}") = "LibraryCardGame", "LibraryCardGame\LibraryCardGame.csproj", "{C78A0BE5-2672-427D-A220-3BF89C7B4950}"
EndProject
Project("{FAE04EC0-301F-11D3-BF4B-00C04F79EFBC}") = "Generic", "Generic\Generic.csproj", "{31D33636-3F14-4B5D-8153-B3187E31EA22}"
EndProject
Project("{FAE04EC0-301F-11D3-BF4B-00C04F79EFBC}") = "ExtensionMethod", "ExtensionMethod\ExtensionMethod.csproj", "{E8E9D489-EE5E-42D9-BB07-54477205D51C}"
EndProject
Project("{FAE04EC0-301F-11D3-BF4B-00C04F79EFBC}") = "GenericConstraint", "GenericConstraint\GenericConstraint.csproj", "{C90BB44C-2848-4403-A557-BAB1D3A98496}"
EndProject
Project("{FAE04EC0-301F-11D3-BF4B-00C04F79EFBC}") = "OperatorOverloading", "OperatorOverloading\OperatorOverloading.csproj", "{00587E68-7375-486A-91B2-6E2165E11446}"
EndProject
Project("{FAE04EC0-301F-11D3-BF4B-00C04F79EFBC}") = "Delegate1", "Delegate1\Delegate1.csproj", "{7860215A-1F77-44BF-B0E1-92796151F052}"
EndProject
Project("{FAE04EC0-301F-11D3-BF4B-00C04F79EFBC}") = "Delegate2", "Delegate2\Delegate2.csproj", "{437E3385-E7C4-496B-B358-D2F9B25EC5BF}"
EndProject
Global
	GlobalSection(SolutionConfigurationPlatforms) = preSolution
		Debug|Any CPU = Debug|Any CPU
		Release|Any CPU = Release|Any CPU
	EndGlobalSection
	GlobalSection(SolutionProperties) = preSolution
		HideSolutionNode = FALSE
	EndGlobalSection
	GlobalSection(ProjectConfigurationPlatforms) = postSolution
		{B08764FC-2CD6-4DA5-8854-3693E88724BD}.Debug|Any CPU.ActiveCfg = Debug|Any CPU
		{B08764FC-2CD6-4DA5-8854-3693E88724BD}.Debug|Any CPU.Build.0 = Debug|Any CPU
		{B08764FC-2CD6-4DA5-8854-3693E88724BD}.Release|Any CPU.ActiveCfg = Release|Any CPU
		{B08764FC-2CD6-4DA5-8854-3693E88724BD}.Release|Any CPU.Build.0 = Release|Any CPU
		{C5535C04-3CF5-4456-A4CE-86DF656990EA}.Debug|Any CPU.ActiveCfg = Debug|Any CPU
		{C5535C04-3CF5-4456-A4CE-86DF656990EA}.Debug|Any CPU.Build.0 = Debug|Any CPU
		{C5535C04-3CF5-4456-A4CE-86DF656990EA}.Release|Any CPU.ActiveCfg = Release|Any CPU
		{C5535C04-3CF5-4456-A4CE-86DF656990EA}.Release|Any CPU.Build.0 = Release|Any CPU
		{D087271B-E7B6-4D98-B83B-89B2F78C93D5}.Debug|Any CPU.ActiveCfg = Debug|Any CPU
		{D087271B-E7B6-4D98-B83B-89B2F78C93D5}.Debug|Any CPU.Build.0 = Debug|Any CPU
		{D087271B-E7B6-4D98-B83B-89B2F78C93D5}.Release|Any CPU.ActiveCfg = Release|Any CPU
		{D087271B-E7B6-4D98-B83B-89B2F78C93D5}.Release|Any CPU.Build.0 = Release|Any CPU
		{56C02948-64A0-430B-933C-E84FD131D108}.Debug|Any CPU.ActiveCfg = Debug|Any CPU
		{56C02948-64A0-430B-933C-E84FD131D108}.Debug|Any CPU.Build.0 = Debug|Any CPU
		{56C02948-64A0-430B-933C-E84FD131D108}.Release|Any CPU.ActiveCfg = Release|Any CPU
		{56C02948-64A0-430B-933C-E84FD131D108}.Release|Any CPU.Build.0 = Release|Any CPU
		{46686814-23B1-4732-B979-E7B36612E437}.Debug|Any CPU.ActiveCfg = Debug|Any CPU
		{46686814-23B1-4732-B979-E7B36612E437}.Debug|Any CPU.Build.0 = Debug|Any CPU
		{46686814-23B1-4732-B979-E7B36612E437}.Release|Any CPU.ActiveCfg = Release|Any CPU
		{46686814-23B1-4732-B979-E7B36612E437}.Release|Any CPU.Build.0 = Release|Any CPU
		{13B22711-4E0B-418D-8CF7-A3AF30347D8E}.Debug|Any CPU.ActiveCfg = Debug|Any CPU
		{13B22711-4E0B-418D-8CF7-A3AF30347D8E}.Debug|Any CPU.Build.0 = Debug|Any CPU
		{13B22711-4E0B-418D-8CF7-A3AF30347D8E}.Release|Any CPU.ActiveCfg = Release|Any CPU
		{13B22711-4E0B-418D-8CF7-A3AF30347D8E}.Release|Any CPU.Build.0 = Release|Any CPU
		{05406AF6-4BA9-4F5F-8E32-C450E208B6CB}.Debug|Any CPU.ActiveCfg = Debug|Any CPU
		{05406AF6-4BA9-4F5F-8E32-C450E208B6CB}.Debug|Any CPU.Build.0 = Debug|Any CPU
		{05406AF6-4BA9-4F5F-8E32-C450E208B6CB}.Release|Any CPU.ActiveCfg = Release|Any CPU
		{05406AF6-4BA9-4F5F-8E32-C450E208B6CB}.Release|Any CPU.Build.0 = Release|Any CPU
		{916CAB7F-01AB-456F-A0D7-22FE10752EA1}.Debug|Any CPU.ActiveCfg = Debug|Any CPU
		{916CAB7F-01AB-456F-A0D7-22FE10752EA1}.Debug|Any CPU.Build.0 = Debug|Any CPU
		{916CAB7F-01AB-456F-A0D7-22FE10752EA1}.Release|Any CPU.ActiveCfg = Release|Any CPU
		{916CAB7F-01AB-456F-A0D7-22FE10752EA1}.Release|Any CPU.Build.0 = Release|Any CPU
		{77D275B2-BAE8-403E-89BB-4F6A764BA305}.Debug|Any CPU.ActiveCfg = Debug|Any CPU
		{77D275B2-BAE8-403E-89BB-4F6A764BA305}.Debug|Any CPU.Build.0 = Debug|Any CPU
		{77D275B2-BAE8-403E-89BB-4F6A764BA305}.Release|Any CPU.ActiveCfg = Release|Any CPU
		{77D275B2-BAE8-403E-89BB-4F6A764BA305}.Release|Any CPU.Build.0 = Release|Any CPU
		{C49D0145-462D-4A2B-8C47-656AD777AD81}.Debug|Any CPU.ActiveCfg = Debug|Any CPU
		{C49D0145-462D-4A2B-8C47-656AD777AD81}.Debug|Any CPU.Build.0 = Debug|Any CPU
		{C49D0145-462D-4A2B-8C47-656AD777AD81}.Release|Any CPU.ActiveCfg = Release|Any CPU
		{C49D0145-462D-4A2B-8C47-656AD777AD81}.Release|Any CPU.Build.0 = Release|Any CPU
		{5D8CC303-DBBA-4B28-B5F6-BB21171A4D5B}.Debug|Any CPU.ActiveCfg = Debug|Any CPU
		{5D8CC303-DBBA-4B28-B5F6-BB21171A4D5B}.Debug|Any CPU.Build.0 = Debug|Any CPU
		{5D8CC303-DBBA-4B28-B5F6-BB21171A4D5B}.Release|Any CPU.ActiveCfg = Release|Any CPU
		{5D8CC303-DBBA-4B28-B5F6-BB21171A4D5B}.Release|Any CPU.Build.0 = Release|Any CPU
		{DDAF59E4-8321-4C01-8CB0-C1ED95A50CA1}.Debug|Any CPU.ActiveCfg = Debug|Any CPU
		{DDAF59E4-8321-4C01-8CB0-C1ED95A50CA1}.Debug|Any CPU.Build.0 = Debug|Any CPU
		{DDAF59E4-8321-4C01-8CB0-C1ED95A50CA1}.Release|Any CPU.ActiveCfg = Release|Any CPU
		{DDAF59E4-8321-4C01-8CB0-C1ED95A50CA1}.Release|Any CPU.Build.0 = Release|Any CPU
		{6B3D3334-F009-4977-A659-D735C0121710}.Debug|Any CPU.ActiveCfg = Debug|Any CPU
		{6B3D3334-F009-4977-A659-D735C0121710}.Debug|Any CPU.Build.0 = Debug|Any CPU
		{6B3D3334-F009-4977-A659-D735C0121710}.Release|Any CPU.ActiveCfg = Release|Any CPU
		{6B3D3334-F009-4977-A659-D735C0121710}.Release|Any CPU.Build.0 = Release|Any CPU
		{3A72C932-8B05-4750-8034-9178EA830A66}.Debug|Any CPU.ActiveCfg = Debug|Any CPU
		{3A72C932-8B05-4750-8034-9178EA830A66}.Debug|Any CPU.Build.0 = Debug|Any CPU
		{3A72C932-8B05-4750-8034-9178EA830A66}.Release|Any CPU.ActiveCfg = Release|Any CPU
		{3A72C932-8B05-4750-8034-9178EA830A66}.Release|Any CPU.Build.0 = Release|Any CPU
		{9015F103-9914-45C7-95F4-7885EFA83950}.Debug|Any CPU.ActiveCfg = Debug|Any CPU
		{9015F103-9914-45C7-95F4-7885EFA83950}.Debug|Any CPU.Build.0 = Debug|Any CPU
		{9015F103-9914-45C7-95F4-7885EFA83950}.Release|Any CPU.ActiveCfg = Release|Any CPU
		{9015F103-9914-45C7-95F4-7885EFA83950}.Release|Any CPU.Build.0 = Release|Any CPU
		{C7C0055F-4348-457D-99D8-58ED25F78359}.Debug|Any CPU.ActiveCfg = Debug|Any CPU
		{C7C0055F-4348-457D-99D8-58ED25F78359}.Debug|Any CPU.Build.0 = Debug|Any CPU
		{C7C0055F-4348-457D-99D8-58ED25F78359}.Release|Any CPU.ActiveCfg = Release|Any CPU
		{C7C0055F-4348-457D-99D8-58ED25F78359}.Release|Any CPU.Build.0 = Release|Any CPU
		{CF31FAE0-6AC6-499B-8775-44B7A3CCC112}.Debug|Any CPU.ActiveCfg = Debug|Any CPU
		{CF31FAE0-6AC6-499B-8775-44B7A3CCC112}.Debug|Any CPU.Build.0 = Debug|Any CPU
		{CF31FAE0-6AC6-499B-8775-44B7A3CCC112}.Release|Any CPU.ActiveCfg = Release|Any CPU
		{CF31FAE0-6AC6-499B-8775-44B7A3CCC112}.Release|Any CPU.Build.0 = Release|Any CPU
		{8571C56E-E598-4E1C-AE4B-79C3F069CD8E}.Debug|Any CPU.ActiveCfg = Debug|Any CPU
		{8571C56E-E598-4E1C-AE4B-79C3F069CD8E}.Debug|Any CPU.Build.0 = Debug|Any CPU
		{8571C56E-E598-4E1C-AE4B-79C3F069CD8E}.Release|Any CPU.ActiveCfg = Release|Any CPU
		{8571C56E-E598-4E1C-AE4B-79C3F069CD8E}.Release|Any CPU.Build.0 = Release|Any CPU
		{F8593BF5-1374-412C-A65D-E6AD4C16BEC6}.Debug|Any CPU.ActiveCfg = Debug|Any CPU
		{F8593BF5-1374-412C-A65D-E6AD4C16BEC6}.Debug|Any CPU.Build.0 = Debug|Any CPU
		{F8593BF5-1374-412C-A65D-E6AD4C16BEC6}.Release|Any CPU.ActiveCfg = Release|Any CPU
		{F8593BF5-1374-412C-A65D-E6AD4C16BEC6}.Release|Any CPU.Build.0 = Release|Any CPU
		{18D11BB4-9AE0-4C3E-984C-6D80C8833E9C}.Debug|Any CPU.ActiveCfg = Debug|Any CPU
		{18D11BB4-9AE0-4C3E-984C-6D80C8833E9C}.Debug|Any CPU.Build.0 = Debug|Any CPU
		{18D11BB4-9AE0-4C3E-984C-6D80C8833E9C}.Release|Any CPU.ActiveCfg = Release|Any CPU
		{18D11BB4-9AE0-4C3E-984C-6D80C8833E9C}.Release|Any CPU.Build.0 = Release|Any CPU
		{0070F83A-9815-4B66-BF99-DBB25804BD25}.Debug|Any CPU.ActiveCfg = Debug|Any CPU
		{0070F83A-9815-4B66-BF99-DBB25804BD25}.Debug|Any CPU.Build.0 = Debug|Any CPU
		{0070F83A-9815-4B66-BF99-DBB25804BD25}.Release|Any CPU.ActiveCfg = Release|Any CPU
		{0070F83A-9815-4B66-BF99-DBB25804BD25}.Release|Any CPU.Build.0 = Release|Any CPU
		{496D9455-41A2-4F66-A7D8-2DA534BC8EFE}.Debug|Any CPU.ActiveCfg = Debug|Any CPU
		{496D9455-41A2-4F66-A7D8-2DA534BC8EFE}.Debug|Any CPU.Build.0 = Debug|Any CPU
		{496D9455-41A2-4F66-A7D8-2DA534BC8EFE}.Release|Any CPU.ActiveCfg = Release|Any CPU
		{496D9455-41A2-4F66-A7D8-2DA534BC8EFE}.Release|Any CPU.Build.0 = Release|Any CPU
		{6F99CB08-32CD-482E-8BC5-1E2D5522A57D}.Debug|Any CPU.ActiveCfg = Debug|Any CPU
		{6F99CB08-32CD-482E-8BC5-1E2D5522A57D}.Debug|Any CPU.Build.0 = Debug|Any CPU
		{6F99CB08-32CD-482E-8BC5-1E2D5522A57D}.Release|Any CPU.ActiveCfg = Release|Any CPU
		{6F99CB08-32CD-482E-8BC5-1E2D5522A57D}.Release|Any CPU.Build.0 = Release|Any CPU
		{F79FFB39-719F-4502-9F20-7F10E9D16F85}.Debug|Any CPU.ActiveCfg = Debug|Any CPU
		{F79FFB39-719F-4502-9F20-7F10E9D16F85}.Debug|Any CPU.Build.0 = Debug|Any CPU
		{F79FFB39-719F-4502-9F20-7F10E9D16F85}.Release|Any CPU.ActiveCfg = Release|Any CPU
		{F79FFB39-719F-4502-9F20-7F10E9D16F85}.Release|Any CPU.Build.0 = Release|Any CPU
		{3AF6FAA9-1452-4920-BE69-3D5C600BDAA5}.Debug|Any CPU.ActiveCfg = Debug|Any CPU
		{3AF6FAA9-1452-4920-BE69-3D5C600BDAA5}.Debug|Any CPU.Build.0 = Debug|Any CPU
		{3AF6FAA9-1452-4920-BE69-3D5C600BDAA5}.Release|Any CPU.ActiveCfg = Release|Any CPU
		{3AF6FAA9-1452-4920-BE69-3D5C600BDAA5}.Release|Any CPU.Build.0 = Release|Any CPU
		{5398A0DF-2A5C-4D15-AD68-63E8F3F2016E}.Debug|Any CPU.ActiveCfg = Debug|Any CPU
		{5398A0DF-2A5C-4D15-AD68-63E8F3F2016E}.Debug|Any CPU.Build.0 = Debug|Any CPU
		{5398A0DF-2A5C-4D15-AD68-63E8F3F2016E}.Release|Any CPU.ActiveCfg = Release|Any CPU
		{5398A0DF-2A5C-4D15-AD68-63E8F3F2016E}.Release|Any CPU.Build.0 = Release|Any CPU
		{F885984C-6BF5-4ECB-A978-71B583ECE40D}.Debug|Any CPU.ActiveCfg = Debug|Any CPU
		{F885984C-6BF5-4ECB-A978-71B583ECE40D}.Debug|Any CPU.Build.0 = Debug|Any CPU
		{F885984C-6BF5-4ECB-A978-71B583ECE40D}.Release|Any CPU.ActiveCfg = Release|Any CPU
		{F885984C-6BF5-4ECB-A978-71B583ECE40D}.Release|Any CPU.Build.0 = Release|Any CPU
		{E454BAC8-575E-4D74-A8D0-87EBB27F648B}.Debug|Any CPU.ActiveCfg = Debug|Any CPU
		{E454BAC8-575E-4D74-A8D0-87EBB27F648B}.Debug|Any CPU.Build.0 = Debug|Any CPU
		{E454BAC8-575E-4D74-A8D0-87EBB27F648B}.Release|Any CPU.ActiveCfg = Release|Any CPU
		{E454BAC8-575E-4D74-A8D0-87EBB27F648B}.Release|Any CPU.Build.0 = Release|Any CPU
		{70230D52-A31C-47DC-A942-C23CA8AD8CD9}.Debug|Any CPU.ActiveCfg = Debug|Any CPU
		{70230D52-A31C-47DC-A942-C23CA8AD8CD9}.Debug|Any CPU.Build.0 = Debug|Any CPU
		{70230D52-A31C-47DC-A942-C23CA8AD8CD9}.Release|Any CPU.ActiveCfg = Release|Any CPU
		{70230D52-A31C-47DC-A942-C23CA8AD8CD9}.Release|Any CPU.Build.0 = Release|Any CPU
		{C78A0BE5-2672-427D-A220-3BF89C7B4950}.Debug|Any CPU.ActiveCfg = Debug|Any CPU
		{C78A0BE5-2672-427D-A220-3BF89C7B4950}.Debug|Any CPU.Build.0 = Debug|Any CPU
		{C78A0BE5-2672-427D-A220-3BF89C7B4950}.Release|Any CPU.ActiveCfg = Release|Any CPU
		{C78A0BE5-2672-427D-A220-3BF89C7B4950}.Release|Any CPU.Build.0 = Release|Any CPU
		{31D33636-3F14-4B5D-8153-B3187E31EA22}.Debug|Any CPU.ActiveCfg = Debug|Any CPU
		{31D33636-3F14-4B5D-8153-B3187E31EA22}.Debug|Any CPU.Build.0 = Debug|Any CPU
		{31D33636-3F14-4B5D-8153-B3187E31EA22}.Release|Any CPU.ActiveCfg = Release|Any CPU
		{31D33636-3F14-4B5D-8153-B3187E31EA22}.Release|Any CPU.Build.0 = Release|Any CPU
		{E8E9D489-EE5E-42D9-BB07-54477205D51C}.Debug|Any CPU.ActiveCfg = Debug|Any CPU
		{E8E9D489-EE5E-42D9-BB07-54477205D51C}.Debug|Any CPU.Build.0 = Debug|Any CPU
		{E8E9D489-EE5E-42D9-BB07-54477205D51C}.Release|Any CPU.ActiveCfg = Release|Any CPU
		{E8E9D489-EE5E-42D9-BB07-54477205D51C}.Release|Any CPU.Build.0 = Release|Any CPU
		{C90BB44C-2848-4403-A557-BAB1D3A98496}.Debug|Any CPU.ActiveCfg = Debug|Any CPU
		{C90BB44C-2848-4403-A557-BAB1D3A98496}.Debug|Any CPU.Build.0 = Debug|Any CPU
		{C90BB44C-2848-4403-A557-BAB1D3A98496}.Release|Any CPU.ActiveCfg = Release|Any CPU
		{C90BB44C-2848-4403-A557-BAB1D3A98496}.Release|Any CPU.Build.0 = Release|Any CPU
		{00587E68-7375-486A-91B2-6E2165E11446}.Debug|Any CPU.ActiveCfg = Debug|Any CPU
		{00587E68-7375-486A-91B2-6E2165E11446}.Debug|Any CPU.Build.0 = Debug|Any CPU
		{00587E68-7375-486A-91B2-6E2165E11446}.Release|Any CPU.ActiveCfg = Release|Any CPU
		{00587E68-7375-486A-91B2-6E2165E11446}.Release|Any CPU.Build.0 = Release|Any CPU
		{7860215A-1F77-44BF-B0E1-92796151F052}.Debug|Any CPU.ActiveCfg = Debug|Any CPU
		{7860215A-1F77-44BF-B0E1-92796151F052}.Debug|Any CPU.Build.0 = Debug|Any CPU
		{7860215A-1F77-44BF-B0E1-92796151F052}.Release|Any CPU.ActiveCfg = Release|Any CPU
		{7860215A-1F77-44BF-B0E1-92796151F052}.Release|Any CPU.Build.0 = Release|Any CPU
		{437E3385-E7C4-496B-B358-D2F9B25EC5BF}.Debug|Any CPU.ActiveCfg = Debug|Any CPU
		{437E3385-E7C4-496B-B358-D2F9B25EC5BF}.Debug|Any CPU.Build.0 = Debug|Any CPU
		{437E3385-E7C4-496B-B358-D2F9B25EC5BF}.Release|Any CPU.ActiveCfg = Release|Any CPU
		{437E3385-E7C4-496B-B358-D2F9B25EC5BF}.Release|Any CPU.Build.0 = Release|Any CPU
	EndGlobalSection
	GlobalSection(NestedProjects) = preSolution
		{F885984C-6BF5-4ECB-A978-71B583ECE40D} = {BB434093-7EE9-4EDA-8897-637D02880261}
		{5398A0DF-2A5C-4D15-AD68-63E8F3F2016E} = {BB434093-7EE9-4EDA-8897-637D02880261}
		{3AF6FAA9-1452-4920-BE69-3D5C600BDAA5} = {BB434093-7EE9-4EDA-8897-637D02880261}
		{F79FFB39-719F-4502-9F20-7F10E9D16F85} = {BB434093-7EE9-4EDA-8897-637D02880261}
		{6F99CB08-32CD-482E-8BC5-1E2D5522A57D} = {BB434093-7EE9-4EDA-8897-637D02880261}
		{6B3D3334-F009-4977-A659-D735C0121710} = {6F4D63F7-92E0-4D1B-9BDD-446C7C22F2B5}
		{DDAF59E4-8321-4C01-8CB0-C1ED95A50CA1} = {6F4D63F7-92E0-4D1B-9BDD-446C7C22F2B5}
		{F8593BF5-1374-412C-A65D-E6AD4C16BEC6} = {6F4D63F7-92E0-4D1B-9BDD-446C7C22F2B5}
		{3A72C932-8B05-4750-8034-9178EA830A66} = {6F4D63F7-92E0-4D1B-9BDD-446C7C22F2B5}
		{496D9455-41A2-4F66-A7D8-2DA534BC8EFE} = {6F4D63F7-92E0-4D1B-9BDD-446C7C22F2B5}
		{0070F83A-9815-4B66-BF99-DBB25804BD25} = {6F4D63F7-92E0-4D1B-9BDD-446C7C22F2B5}
		{C7C0055F-4348-457D-99D8-58ED25F78359} = {6F4D63F7-92E0-4D1B-9BDD-446C7C22F2B5}
		{18D11BB4-9AE0-4C3E-984C-6D80C8833E9C} = {6F4D63F7-92E0-4D1B-9BDD-446C7C22F2B5}
		{9015F103-9914-45C7-95F4-7885EFA83950} = {6F4D63F7-92E0-4D1B-9BDD-446C7C22F2B5}
		{77D275B2-BAE8-403E-89BB-4F6A764BA305} = {F0FB5A78-03DF-43A8-9D07-A15CAF2B8049}
		{C49D0145-462D-4A2B-8C47-656AD777AD81} = {F0FB5A78-03DF-43A8-9D07-A15CAF2B8049}
		{05406AF6-4BA9-4F5F-8E32-C450E208B6CB} = {F0FB5A78-03DF-43A8-9D07-A15CAF2B8049}
		{13B22711-4E0B-418D-8CF7-A3AF30347D8E} = {F0FB5A78-03DF-43A8-9D07-A15CAF2B8049}
		{5D8CC303-DBBA-4B28-B5F6-BB21171A4D5B} = {F0FB5A78-03DF-43A8-9D07-A15CAF2B8049}
		{916CAB7F-01AB-456F-A0D7-22FE10752EA1} = {916CAB7F-01AB-456F-A0D7-22FE10752EA1}
		{46686814-23B1-4732-B979-E7B36612E437} = {AD4D0D34-8816-41ED-BDF2-AD9491E20D97}
		{56C02948-64A0-430B-933C-E84FD131D108} = {AD4D0D34-8816-41ED-BDF2-AD9491E20D97}
		{D087271B-E7B6-4D98-B83B-89B2F78C93D5} = {AD4D0D34-8816-41ED-BDF2-AD9491E20D97}
		{C5535C04-3CF5-4456-A4CE-86DF656990EA} = {AD4D0D34-8816-41ED-BDF2-AD9491E20D97}
		{B08764FC-2CD6-4DA5-8854-3693E88724BD} = {AD4D0D34-8816-41ED-BDF2-AD9491E20D97}
	EndGlobalSection
EndGlobal
