
Microsoft Visual Studio Solution File, Format Version 12.00
# Visual Studio Version 17
VisualStudioVersion = 17.0.31903.59
MinimumVisualStudioVersion = 10.0.40219.1
Project("{FAE04EC0-301F-11D3-BF4B-00C04F79EFBC}") = "Day 1", "Day 1\Day 1.csproj", "{B08764FC-2CD6-4DA5-8854-3693E88724BD}"
EndProject
Project("{FAE04EC0-301F-11D3-BF4B-00C04F79EFBC}") = "Day02", "Day02\Day02.csproj", "{C5535C04-3CF5-4456-A4CE-86DF656990EA}"
EndProject
Project("{FAE04EC0-301F-11D3-BF4B-00C04F79EFBC}") = "Day03", "Day03\Day03.csproj", "{D087271B-E7B6-4D98-B83B-89B2F78C93D5}"
EndProject
Project("{FAE04EC0-301F-11D3-BF4B-00C04F79EFBC}") = "Day04", "Day04\Day04.csproj", "{56C02948-64A0-430B-933C-E84FD131D108}"
EndProject
Project("{FAE04EC0-301F-11D3-BF4B-00C04F79EFBC}") = "Day05", "Day05\Day05.csproj", "{46686814-23B1-4732-B979-E7B36612E437}"
EndProject
Project("{2150E333-8FDC-42A3-9474-1A3956D46DE8}") = "Day01-02", "Day01-02", "{AD4D0D34-8816-41ED-BDF2-AD9491E20D97}"
EndProject
Project("{FAE04EC0-301F-11D3-BF4B-00C04F79EFBC}") = "Day06", "Day06\Day06.csproj", "{13B22711-4E0B-418D-8CF7-A3AF30347D8E}"
EndProject
Project("{FAE04EC0-301F-11D3-BF4B-00C04F79EFBC}") = "Encapsulation", "Encapsulation\Encapsulation.csproj", "{05406AF6-4BA9-4F5F-8E32-C450E208B6CB}"
EndProject
Project("{FAE04EC0-301F-11D3-BF4B-00C04F79EFBC}") = "Overriding", "Encapsulation2\Encapsulation2.csproj", "{916CAB7F-01AB-456F-A0D7-22FE10752EA1}"
EndProject
Project("{FAE04EC0-301F-11D3-BF4B-00C04F79EFBC}") = "Overriding", "Overriding\Overriding.csproj", "{77D275B2-BAE8-403E-89BB-4F6A764BA305}"
EndProject
Project("{FAE04EC0-301F-11D3-BF4B-00C04F79EFBC}") = "MethodHiding", "MethodHiding\MethodHiding.csproj", "{C49D0145-462D-4A2B-8C47-656AD777AD81}"
EndProject
Project("{FAE04EC0-301F-11D3-BF4B-00C04F79EFBC}") = "ConstReadOnly", "ConstReadOnly\ConstReadOnly.csproj", "{5D8CC303-DBBA-4B28-B5F6-BB21171A4D5B}"
EndProject
Project("{2150E333-8FDC-42A3-9474-1A3956D46DE8}") = "Day03", "Day03", "{F0FB5A78-03DF-43A8-9D07-A15CAF2B8049}"
EndProject
Project("{FAE04EC0-301F-11D3-BF4B-00C04F79EFBC}") = "StackHeap", "StackHeap\StackHeap.csproj", "{DDAF59E4-8321-4C01-8CB0-C1ED95A50CA1}"
EndProject
Project("{FAE04EC0-301F-11D3-BF4B-00C04F79EFBC}") = "StringvsStringBuilder", "StringvsStringBuilder\StringvsStringBuilder.csproj", "{6B3D3334-F009-4977-A659-D735C0121710}"
EndProject
Project("{FAE04EC0-301F-11D3-BF4B-00C04F79EFBC}") = "ReadOnlyArray", "ReadOnlyArray\ReadOnlyArray.csproj", "{3A72C932-8B05-4750-8034-9178EA830A66}"
EndProject
Project("{FAE04EC0-301F-11D3-BF4B-00C04F79EFBC}") = "Composition", "Composition\Composition.csproj", "{9015F103-9914-45C7-95F4-7885EFA83950}"
EndProject
Project("{FAE04EC0-301F-11D3-BF4B-00C04F79EFBC}") = "IntegerVoidAdder", "IntegerVoidAdder\IntegerVoidAdder.csproj", "{C7C0055F-4348-457D-99D8-58ED25F78359}"
EndProject
Project("{FAE04EC0-301F-11D3-BF4B-00C04F79EFBC}") = "Ref", "Ref\Ref.csproj", "{F8593BF5-1374-412C-A65D-E6AD4C16BEC6}"
EndProject
Project("{FAE04EC0-301F-11D3-BF4B-00C04F79EFBC}") = "In", "In\In.csproj", "{18D11BB4-9AE0-4C3E-984C-6D80C8833E9C}"
EndProject
Project("{FAE04EC0-301F-11D3-BF4B-00C04F79EFBC}") = "Out", "Out\Out.csproj", "{0070F83A-9815-4B66-BF99-DBB25804BD25}"
EndProject
Project("{FAE04EC0-301F-11D3-BF4B-00C04F79EFBC}") = "Properties", "Properties\Properties.csproj", "{496D9455-41A2-4F66-A7D8-2DA534BC8EFE}"
EndProject
Project("{2150E333-8FDC-42A3-9474-1A3956D46DE8}") = "Day04", "Day04", "{6F4D63F7-92E0-4D1B-9BDD-446C7C22F2B5}"
EndProject
Project("{FAE04EC0-301F-11D3-BF4B-00C04F79EFBC}") = "Enum", "Enum\Enum.csproj", "{E454BAC8-575E-4D74-A8D0-87EBB27F648B}"
EndProject
Project("{FAE04EC0-301F-11D3-BF4B-00C04F79EFBC}") = "Libary", "Libary\Libary.csproj", "{70230D52-A31C-47DC-A942-C23CA8AD8CD9}"
EndProject
Project("{FAE04EC0-301F-11D3-BF4B-00C04F79EFBC}") = "LibraryCardGame", "LibraryCardGame\LibraryCardGame.csproj", "{C78A0BE5-2672-427D-A220-3BF89C7B4950}"
EndProject
Project("{FAE04EC0-301F-11D3-BF4B-00C04F79EFBC}") = "Generic", "Generic\Generic.csproj", "{31D33636-3F14-4B5D-8153-B3187E31EA22}"
EndProject
Project("{FAE04EC0-301F-11D3-BF4B-00C04F79EFBC}") = "ExtensionMethod", "ExtensionMethod\ExtensionMethod.csproj", "{E8E9D489-EE5E-42D9-BB07-54477205D51C}"
EndProject
Project("{FAE04EC0-301F-11D3-BF4B-00C04F79EFBC}") = "GenericConstraint", "GenericConstraint\GenericConstraint.csproj", "{C90BB44C-2848-4403-A557-BAB1D3A98496}"
EndProject
Project("{FAE04EC0-301F-11D3-BF4B-00C04F79EFBC}") = "OperatorOverloading", "OperatorOverloading\OperatorOverloading.csproj", "{00587E68-7375-486A-91B2-6E2165E11446}"
EndProject
Project("{FAE04EC0-301F-11D3-BF4B-00C04F79EFBC}") = "Delegate1", "Delegate1\Delegate1.csproj", "{7860215A-1F77-44BF-B0E1-92796151F052}"
EndProject
Project("{FAE04EC0-301F-11D3-BF4B-00C04F79EFBC}") = "Delegate2", "Delegate2\Delegate2.csproj", "{437E3385-E7C4-496B-B358-D2F9B25EC5BF}"
EndProject
Project("{2150E333-8FDC-42A3-9474-1A3956D46DE8}") = "Day06", "Day06", "{5C84F224-098A-43BE-9BD0-0DA7154B38BF}"
EndProject
Project("{FAE04EC0-301F-11D3-BF4B-00C04F79EFBC}") = "Abstraction", "Abstraction\Abstraction.csproj", "{ED3B9ABB-F65D-4C02-BA2D-A9A55FC5B830}"
EndProject
Project("{FAE04EC0-301F-11D3-BF4B-00C04F79EFBC}") = "Abstraction2", "Abstraction2\Abstraction2.csproj", "{845BC0EE-F945-4DF7-8B2E-C33E9C85645A}"
EndProject
Project("{FAE04EC0-301F-11D3-BF4B-00C04F79EFBC}") = "Interface", "Interface\Interface.csproj", "{08B3F53C-5F46-4320-B903-7626B88C5E37}"
EndProject
Project("{FAE04EC0-301F-11D3-BF4B-00C04F79EFBC}") = "InterfaceSeggregation", "InterfaceSeggregation\InterfaceSeggregation.csproj", "{5D9BEE8A-0B75-44E7-A4CE-70A55E0681EE}"
EndProject
Project("{FAE04EC0-301F-11D3-BF4B-00C04F79EFBC}") = "Static", "Static\Static.csproj", "{69761186-B547-492E-B562-13B0DD3E683E}"
EndProject
Project("{2150E333-8FDC-42A3-9474-1A3956D46DE8}") = "Day05", "Day05", "{FA242B30-8897-43B9-8735-979C683636E2}"
EndProject
Project("{FAE04EC0-301F-11D3-BF4B-00C04F79EFBC}") = "ExceptionHandling", "ExceptionHandling\ExceptionHandling.csproj", "{553B7682-3D94-4902-A32E-14CC19B5C06A}"
EndProject
Project("{FAE04EC0-301F-11D3-BF4B-00C04F79EFBC}") = "AnonymousDelegate", "AnonymousDelegate\AnonymousDelegate.csproj", "{03C24E4C-63D7-45B2-B531-1BC06A25AEB8}"
EndProject
Project("{FAE04EC0-301F-11D3-BF4B-00C04F79EFBC}") = "IEnumerator", "IEnumerator\IEnumerator.csproj", "{6AA9D10A-56A7-4295-A1B1-E5D8DF6BC809}"
EndProject
Project("{2150E333-8FDC-42A3-9474-1A3956D46DE8}") = "Day08", "Day08", "{D221FA00-C90E-4E79-8277-E97396FD90F1}"
EndProject
Project("{FAE04EC0-301F-11D3-BF4B-00C04F79EFBC}") = "Event", "Event\Event.csproj", "{A69EA180-7479-40E4-908E-15D8590C6C19}"
EndProject
Project("{FAE04EC0-301F-11D3-BF4B-00C04F79EFBC}") = "EventCheckMethodRegistered", "EventCheckMethodRegistered\EventCheckMethodRegistered.csproj", "{AE81B42E-F593-4F51-A308-9D11B3C83F3D}"
EndProject
Project("{FAE04EC0-301F-11D3-BF4B-00C04F79EFBC}") = "EventHandler", "EventHandler\EventHandler.csproj", "{14B26A03-9B13-4B7D-9F27-A5BF11B76F30}"
EndProject
Project("{FAE04EC0-301F-11D3-BF4B-00C04F79EFBC}") = "EventArgs", "EventArgs\EventArgs.csproj", "{633324A5-1B82-4A52-BB36-9F0111E0E76F}"
EndProject
Project("{FAE04EC0-301F-11D3-BF4B-00C04F79EFBC}") = "Func", "Func\Func.csproj", "{3A1CD464-190E-4256-AE66-05684C15392F}"
EndProject
Project("{FAE04EC0-301F-11D3-BF4B-00C04F79EFBC}") = "Predicate", "Predicate\Predicate.csproj", "{3D0118E6-C291-4D4A-B631-0A2811860A83}"
EndProject
Project("{FAE04EC0-301F-11D3-BF4B-00C04F79EFBC}") = "Action", "Action\Action.csproj", "{4C4B5CFA-FE9F-4651-9041-C92C5E4FB8A7}"
EndProject
Project("{2150E333-8FDC-42A3-9474-1A3956D46DE8}") = "Day07", "Day07", "{C33ABE7D-FA08-40A7-8369-6D88BC8B3719}"
EndProject
Project("{FAE04EC0-301F-11D3-BF4B-00C04F79EFBC}") = "HashSet", "HashSet\HashSet.csproj", "{9E3B5C7E-6D0C-4D88-94CD-62124B0AEE93}"
EndProject
Project("{FAE04EC0-301F-11D3-BF4B-00C04F79EFBC}") = "Queue", "Queue\Queue.csproj", "{87BA442D-3335-424C-8E68-3B4F41C51A38}"
EndProject
Project("{FAE04EC0-301F-11D3-BF4B-00C04F79EFBC}") = "Dictionary", "Dictionary\Dictionary.csproj", "{2FF848FE-70D7-4B78-9935-3B647D87B4D5}"
EndProject
Project("{2150E333-8FDC-42A3-9474-1A3956D46DE8}") = "Day09", "Day09", "{BBF2CF12-F1F9-4FFA-B2C6-9BA74FBB96E4}"
EndProject
Project("{FAE04EC0-301F-11D3-BF4B-00C04F79EFBC}") = "StringIteration", "StringIteration\StringIteration.csproj", "{6EEA4A21-6505-4E93-A971-21F0E9387008}"
EndProject
Project("{FAE04EC0-301F-11D3-BF4B-00C04F79EFBC}") = "Finalizer", "Finalizer\Finalizer.csproj", "{FF9211D2-BF38-4377-8576-F47EFEAEF987}"
EndProject
Project("{FAE04EC0-301F-11D3-BF4B-00C04F79EFBC}") = "InheritanceFinalizers", "InheritanceFinalizers\InheritanceFinalizers.csproj", "{56D2619E-7001-4BE4-ABF5-A9A4749D9354}"
EndProject
Project("{FAE04EC0-301F-11D3-BF4B-00C04F79EFBC}") = "Ludo", "Ludo\Ludo.csproj", "{4FA34499-62DA-487B-BEB8-DDBA09DDF169}"
EndProject
Project("{FAE04EC0-301F-11D3-BF4B-00C04F79EFBC}") = "ConditionalCompilation", "ConditionalCompilation\ConditionalCompilation.csproj", "{F98A948F-CA6D-4659-AFB9-4D36020D1431}"
EndProject
Project("{FAE04EC0-301F-11D3-BF4B-00C04F79EFBC}") = "TryStringBenchmark", "TryStringBenchmark\TryStringBenchmark.csproj", "{7E7D8F7A-21F0-4F09-AE31-92E1079AAE84}"
EndProject
Project("{FAE04EC0-301F-11D3-BF4B-00C04F79EFBC}") = "A_WithThread", "A_WithThread\A_WithThread.csproj", "{AECB0BDF-B801-47CF-B78F-A1A356C1FAD4}"
EndProject
Project("{FAE04EC0-301F-11D3-BF4B-00C04F79EFBC}") = "A_WithoutThread", "A_WithoutThread\A_WithoutThread.csproj", "{D7E4542C-1F8A-4E29-A477-CB8CA6AA7D41}"
EndProject
Project("{FAE04EC0-301F-11D3-BF4B-00C04F79EFBC}") = "AsynchronousSynchronous", "AsynchronousSynchronous\AsynchronousSynchronous.csproj", "{A8A0D473-9E97-42CE-9AB2-991CACDEB517}"
EndProject
Project("{FAE04EC0-301F-11D3-BF4B-00C04F79EFBC}") = "B_NewThread", "B_NewThread\B_NewThread.csproj", "{F352B82F-5FF0-4306-BF75-6EC1E097B9C2}"
EndProject
Project("{FAE04EC0-301F-11D3-BF4B-00C04F79EFBC}") = "BackgroundForeground", "BackgroundForeground\BackgroundForeground.csproj", "{3F11D47B-6D04-4825-B8C8-35C82B91529E}"
EndProject
Project("{FAE04EC0-301F-11D3-BF4B-00C04F79EFBC}") = "C_ThreadName", "C_ThreadName\C_ThreadName.csproj", "{F1848A8C-452C-41B9-AACF-CC9274FF52D0}"
EndProject
Project("{FAE04EC0-301F-11D3-BF4B-00C04F79EFBC}") = "D_ThreadClassConstructor", "D_ThreadClassConstructor\D_ThreadClassConstructor.csproj", "{0B52A643-C2F9-4327-A21A-2D99D7F08C02}"
EndProject
Project("{FAE04EC0-301F-11D3-BF4B-00C04F79EFBC}") = "E_ThreadClassMethod", "E_ThreadClassMethod\E_ThreadClassMethod.csproj", "{FDCA101F-7FEB-488E-8747-B69A917C41EE}"
EndProject
Project("{FAE04EC0-301F-11D3-BF4B-00C04F79EFBC}") = "F_ThreadJoinWithout", "F_ThreadJoinWithout\F_ThreadJoinWithout.csproj", "{7381AF13-A8DD-4B34-AFF2-D1B6FACE1E88}"
EndProject
Project("{FAE04EC0-301F-11D3-BF4B-00C04F79EFBC}") = "G_ThreadJoinWith", "G_ThreadJoinWith\G_ThreadJoinWith.csproj", "{9707B37F-4F4E-46DE-94BC-AD4C9CEF296C}"
EndProject
Project("{FAE04EC0-301F-11D3-BF4B-00C04F79EFBC}") = "H_ThreadThrowExc", "H_ThreadThrowExc\H_ThreadThrowExc.csproj", "{3712C395-FB69-4680-8901-3219AF640BA4}"
EndProject
Project("{FAE04EC0-301F-11D3-BF4B-00C04F79EFBC}") = "I_TaskCreation", "I_TaskCreation\I_TaskCreation.csproj", "{A17C0294-A595-47B5-B1C8-4128D3B30D72}"
EndProject
Project("{FAE04EC0-301F-11D3-BF4B-00C04F79EFBC}") = "J_TaskRun", "J_TaskRun\J_TaskRun.csproj", "{4DC794BA-8EA9-4887-BCB5-DB896B05B6B9}"
EndProject
Project("{FAE04EC0-301F-11D3-BF4B-00C04F79EFBC}") = "K_TaskMethod", "K_TaskMethod\K_TaskMethod.csproj", "{54BFBB0E-8563-4FA0-90B7-65680164C349}"
EndProject
Project("{FAE04EC0-301F-11D3-BF4B-00C04F79EFBC}") = "L_TaskContinueWith", "L_TaskContinueWith\L_TaskContinueWith.csproj", "{BC7F7480-B002-4DBB-8E12-D227AE898125}"
EndProject
Project("{FAE04EC0-301F-11D3-BF4B-00C04F79EFBC}") = "L_TaskWhenAll", "L_TaskWhenAll\L_TaskWhenAll.csproj", "{B67F22A8-D397-4DC6-B3CD-AF1DB07A774E}"
EndProject
Project("{FAE04EC0-301F-11D3-BF4B-00C04F79EFBC}") = "M_TaskWhenAllWhenAny", "M_TaskWhenAllWhenAny\M_TaskWhenAllWhenAny.csproj", "{DD0FA426-FAFB-45AF-A7D8-566BED1CF273}"
EndProject
Project("{FAE04EC0-301F-11D3-BF4B-00C04F79EFBC}") = "M_TaskWhenAny", "M_TaskWhenAny\M_TaskWhenAny.csproj", "{E1F1E5CD-A801-42B4-8675-DB8259DB754F}"
EndProject
Project("{FAE04EC0-301F-11D3-BF4B-00C04F79EFBC}") = "N_TaskReturnValue", "N_TaskReturnValue\N_TaskReturnValue.csproj", "{760C2778-085E-49F9-A7BC-CDC54D288AC1}"
EndProject
Global
	GlobalSection(SolutionConfigurationPlatforms) = preSolution
		Debug|Any CPU = Debug|Any CPU
		Release|Any CPU = Release|Any CPU
	EndGlobalSection
	GlobalSection(SolutionProperties) = preSolution
		HideSolutionNode = FALSE
	EndGlobalSection
	GlobalSection(ProjectConfigurationPlatforms) = postSolution
		{B08764FC-2CD6-4DA5-8854-3693E88724BD}.Debug|Any CPU.ActiveCfg = Debug|Any CPU
		{B08764FC-2CD6-4DA5-8854-3693E88724BD}.Debug|Any CPU.Build.0 = Debug|Any CPU
		{B08764FC-2CD6-4DA5-8854-3693E88724BD}.Release|Any CPU.ActiveCfg = Release|Any CPU
		{B08764FC-2CD6-4DA5-8854-3693E88724BD}.Release|Any CPU.Build.0 = Release|Any CPU
		{C5535C04-3CF5-4456-A4CE-86DF656990EA}.Debug|Any CPU.ActiveCfg = Debug|Any CPU
		{C5535C04-3CF5-4456-A4CE-86DF656990EA}.Debug|Any CPU.Build.0 = Debug|Any CPU
		{C5535C04-3CF5-4456-A4CE-86DF656990EA}.Release|Any CPU.ActiveCfg = Release|Any CPU
		{C5535C04-3CF5-4456-A4CE-86DF656990EA}.Release|Any CPU.Build.0 = Release|Any CPU
		{D087271B-E7B6-4D98-B83B-89B2F78C93D5}.Debug|Any CPU.ActiveCfg = Debug|Any CPU
		{D087271B-E7B6-4D98-B83B-89B2F78C93D5}.Debug|Any CPU.Build.0 = Debug|Any CPU
		{D087271B-E7B6-4D98-B83B-89B2F78C93D5}.Release|Any CPU.ActiveCfg = Release|Any CPU
		{D087271B-E7B6-4D98-B83B-89B2F78C93D5}.Release|Any CPU.Build.0 = Release|Any CPU
		{56C02948-64A0-430B-933C-E84FD131D108}.Debug|Any CPU.ActiveCfg = Debug|Any CPU
		{56C02948-64A0-430B-933C-E84FD131D108}.Debug|Any CPU.Build.0 = Debug|Any CPU
		{56C02948-64A0-430B-933C-E84FD131D108}.Release|Any CPU.ActiveCfg = Release|Any CPU
		{56C02948-64A0-430B-933C-E84FD131D108}.Release|Any CPU.Build.0 = Release|Any CPU
		{46686814-23B1-4732-B979-E7B36612E437}.Debug|Any CPU.ActiveCfg = Debug|Any CPU
		{46686814-23B1-4732-B979-E7B36612E437}.Debug|Any CPU.Build.0 = Debug|Any CPU
		{46686814-23B1-4732-B979-E7B36612E437}.Release|Any CPU.ActiveCfg = Release|Any CPU
		{46686814-23B1-4732-B979-E7B36612E437}.Release|Any CPU.Build.0 = Release|Any CPU
		{13B22711-4E0B-418D-8CF7-A3AF30347D8E}.Debug|Any CPU.ActiveCfg = Debug|Any CPU
		{13B22711-4E0B-418D-8CF7-A3AF30347D8E}.Debug|Any CPU.Build.0 = Debug|Any CPU
		{13B22711-4E0B-418D-8CF7-A3AF30347D8E}.Release|Any CPU.ActiveCfg = Release|Any CPU
		{13B22711-4E0B-418D-8CF7-A3AF30347D8E}.Release|Any CPU.Build.0 = Release|Any CPU
		{05406AF6-4BA9-4F5F-8E32-C450E208B6CB}.Debug|Any CPU.ActiveCfg = Debug|Any CPU
		{05406AF6-4BA9-4F5F-8E32-C450E208B6CB}.Debug|Any CPU.Build.0 = Debug|Any CPU
		{05406AF6-4BA9-4F5F-8E32-C450E208B6CB}.Release|Any CPU.ActiveCfg = Release|Any CPU
		{05406AF6-4BA9-4F5F-8E32-C450E208B6CB}.Release|Any CPU.Build.0 = Release|Any CPU
		{916CAB7F-01AB-456F-A0D7-22FE10752EA1}.Debug|Any CPU.ActiveCfg = Debug|Any CPU
		{916CAB7F-01AB-456F-A0D7-22FE10752EA1}.Debug|Any CPU.Build.0 = Debug|Any CPU
		{916CAB7F-01AB-456F-A0D7-22FE10752EA1}.Release|Any CPU.ActiveCfg = Release|Any CPU
		{916CAB7F-01AB-456F-A0D7-22FE10752EA1}.Release|Any CPU.Build.0 = Release|Any CPU
		{77D275B2-BAE8-403E-89BB-4F6A764BA305}.Debug|Any CPU.ActiveCfg = Debug|Any CPU
		{77D275B2-BAE8-403E-89BB-4F6A764BA305}.Debug|Any CPU.Build.0 = Debug|Any CPU
		{77D275B2-BAE8-403E-89BB-4F6A764BA305}.Release|Any CPU.ActiveCfg = Release|Any CPU
		{77D275B2-BAE8-403E-89BB-4F6A764BA305}.Release|Any CPU.Build.0 = Release|Any CPU
		{C49D0145-462D-4A2B-8C47-656AD777AD81}.Debug|Any CPU.ActiveCfg = Debug|Any CPU
		{C49D0145-462D-4A2B-8C47-656AD777AD81}.Debug|Any CPU.Build.0 = Debug|Any CPU
		{C49D0145-462D-4A2B-8C47-656AD777AD81}.Release|Any CPU.ActiveCfg = Release|Any CPU
		{C49D0145-462D-4A2B-8C47-656AD777AD81}.Release|Any CPU.Build.0 = Release|Any CPU
		{5D8CC303-DBBA-4B28-B5F6-BB21171A4D5B}.Debug|Any CPU.ActiveCfg = Debug|Any CPU
		{5D8CC303-DBBA-4B28-B5F6-BB21171A4D5B}.Debug|Any CPU.Build.0 = Debug|Any CPU
		{5D8CC303-DBBA-4B28-B5F6-BB21171A4D5B}.Release|Any CPU.ActiveCfg = Release|Any CPU
		{5D8CC303-DBBA-4B28-B5F6-BB21171A4D5B}.Release|Any CPU.Build.0 = Release|Any CPU
		{DDAF59E4-8321-4C01-8CB0-C1ED95A50CA1}.Debug|Any CPU.ActiveCfg = Debug|Any CPU
		{DDAF59E4-8321-4C01-8CB0-C1ED95A50CA1}.Debug|Any CPU.Build.0 = Debug|Any CPU
		{DDAF59E4-8321-4C01-8CB0-C1ED95A50CA1}.Release|Any CPU.ActiveCfg = Release|Any CPU
		{DDAF59E4-8321-4C01-8CB0-C1ED95A50CA1}.Release|Any CPU.Build.0 = Release|Any CPU
		{6B3D3334-F009-4977-A659-D735C0121710}.Debug|Any CPU.ActiveCfg = Debug|Any CPU
		{6B3D3334-F009-4977-A659-D735C0121710}.Debug|Any CPU.Build.0 = Debug|Any CPU
		{6B3D3334-F009-4977-A659-D735C0121710}.Release|Any CPU.ActiveCfg = Release|Any CPU
		{6B3D3334-F009-4977-A659-D735C0121710}.Release|Any CPU.Build.0 = Release|Any CPU
		{3A72C932-8B05-4750-8034-9178EA830A66}.Debug|Any CPU.ActiveCfg = Debug|Any CPU
		{3A72C932-8B05-4750-8034-9178EA830A66}.Debug|Any CPU.Build.0 = Debug|Any CPU
		{3A72C932-8B05-4750-8034-9178EA830A66}.Release|Any CPU.ActiveCfg = Release|Any CPU
		{3A72C932-8B05-4750-8034-9178EA830A66}.Release|Any CPU.Build.0 = Release|Any CPU
		{9015F103-9914-45C7-95F4-7885EFA83950}.Debug|Any CPU.ActiveCfg = Debug|Any CPU
		{9015F103-9914-45C7-95F4-7885EFA83950}.Debug|Any CPU.Build.0 = Debug|Any CPU
		{9015F103-9914-45C7-95F4-7885EFA83950}.Release|Any CPU.ActiveCfg = Release|Any CPU
		{9015F103-9914-45C7-95F4-7885EFA83950}.Release|Any CPU.Build.0 = Release|Any CPU
		{C7C0055F-4348-457D-99D8-58ED25F78359}.Debug|Any CPU.ActiveCfg = Debug|Any CPU
		{C7C0055F-4348-457D-99D8-58ED25F78359}.Debug|Any CPU.Build.0 = Debug|Any CPU
		{C7C0055F-4348-457D-99D8-58ED25F78359}.Release|Any CPU.ActiveCfg = Release|Any CPU
		{C7C0055F-4348-457D-99D8-58ED25F78359}.Release|Any CPU.Build.0 = Release|Any CPU
		{CF31FAE0-6AC6-499B-8775-44B7A3CCC112}.Debug|Any CPU.ActiveCfg = Debug|Any CPU
		{CF31FAE0-6AC6-499B-8775-44B7A3CCC112}.Debug|Any CPU.Build.0 = Debug|Any CPU
		{CF31FAE0-6AC6-499B-8775-44B7A3CCC112}.Release|Any CPU.ActiveCfg = Release|Any CPU
		{CF31FAE0-6AC6-499B-8775-44B7A3CCC112}.Release|Any CPU.Build.0 = Release|Any CPU
		{8571C56E-E598-4E1C-AE4B-79C3F069CD8E}.Debug|Any CPU.ActiveCfg = Debug|Any CPU
		{8571C56E-E598-4E1C-AE4B-79C3F069CD8E}.Debug|Any CPU.Build.0 = Debug|Any CPU
		{8571C56E-E598-4E1C-AE4B-79C3F069CD8E}.Release|Any CPU.ActiveCfg = Release|Any CPU
		{8571C56E-E598-4E1C-AE4B-79C3F069CD8E}.Release|Any CPU.Build.0 = Release|Any CPU
		{F8593BF5-1374-412C-A65D-E6AD4C16BEC6}.Debug|Any CPU.ActiveCfg = Debug|Any CPU
		{F8593BF5-1374-412C-A65D-E6AD4C16BEC6}.Debug|Any CPU.Build.0 = Debug|Any CPU
		{F8593BF5-1374-412C-A65D-E6AD4C16BEC6}.Release|Any CPU.ActiveCfg = Release|Any CPU
		{F8593BF5-1374-412C-A65D-E6AD4C16BEC6}.Release|Any CPU.Build.0 = Release|Any CPU
		{18D11BB4-9AE0-4C3E-984C-6D80C8833E9C}.Debug|Any CPU.ActiveCfg = Debug|Any CPU
		{18D11BB4-9AE0-4C3E-984C-6D80C8833E9C}.Debug|Any CPU.Build.0 = Debug|Any CPU
		{18D11BB4-9AE0-4C3E-984C-6D80C8833E9C}.Release|Any CPU.ActiveCfg = Release|Any CPU
		{18D11BB4-9AE0-4C3E-984C-6D80C8833E9C}.Release|Any CPU.Build.0 = Release|Any CPU
		{0070F83A-9815-4B66-BF99-DBB25804BD25}.Debug|Any CPU.ActiveCfg = Debug|Any CPU
		{0070F83A-9815-4B66-BF99-DBB25804BD25}.Debug|Any CPU.Build.0 = Debug|Any CPU
		{0070F83A-9815-4B66-BF99-DBB25804BD25}.Release|Any CPU.ActiveCfg = Release|Any CPU
		{0070F83A-9815-4B66-BF99-DBB25804BD25}.Release|Any CPU.Build.0 = Release|Any CPU
		{496D9455-41A2-4F66-A7D8-2DA534BC8EFE}.Debug|Any CPU.ActiveCfg = Debug|Any CPU
		{496D9455-41A2-4F66-A7D8-2DA534BC8EFE}.Debug|Any CPU.Build.0 = Debug|Any CPU
		{496D9455-41A2-4F66-A7D8-2DA534BC8EFE}.Release|Any CPU.ActiveCfg = Release|Any CPU
		{496D9455-41A2-4F66-A7D8-2DA534BC8EFE}.Release|Any CPU.Build.0 = Release|Any CPU
		{6F99CB08-32CD-482E-8BC5-1E2D5522A57D}.Debug|Any CPU.ActiveCfg = Debug|Any CPU
		{6F99CB08-32CD-482E-8BC5-1E2D5522A57D}.Debug|Any CPU.Build.0 = Debug|Any CPU
		{6F99CB08-32CD-482E-8BC5-1E2D5522A57D}.Release|Any CPU.ActiveCfg = Release|Any CPU
		{6F99CB08-32CD-482E-8BC5-1E2D5522A57D}.Release|Any CPU.Build.0 = Release|Any CPU
		{F79FFB39-719F-4502-9F20-7F10E9D16F85}.Debug|Any CPU.ActiveCfg = Debug|Any CPU
		{F79FFB39-719F-4502-9F20-7F10E9D16F85}.Debug|Any CPU.Build.0 = Debug|Any CPU
		{F79FFB39-719F-4502-9F20-7F10E9D16F85}.Release|Any CPU.ActiveCfg = Release|Any CPU
		{F79FFB39-719F-4502-9F20-7F10E9D16F85}.Release|Any CPU.Build.0 = Release|Any CPU
		{3AF6FAA9-1452-4920-BE69-3D5C600BDAA5}.Debug|Any CPU.ActiveCfg = Debug|Any CPU
		{3AF6FAA9-1452-4920-BE69-3D5C600BDAA5}.Debug|Any CPU.Build.0 = Debug|Any CPU
		{3AF6FAA9-1452-4920-BE69-3D5C600BDAA5}.Release|Any CPU.ActiveCfg = Release|Any CPU
		{3AF6FAA9-1452-4920-BE69-3D5C600BDAA5}.Release|Any CPU.Build.0 = Release|Any CPU
		{5398A0DF-2A5C-4D15-AD68-63E8F3F2016E}.Debug|Any CPU.ActiveCfg = Debug|Any CPU
		{5398A0DF-2A5C-4D15-AD68-63E8F3F2016E}.Debug|Any CPU.Build.0 = Debug|Any CPU
		{5398A0DF-2A5C-4D15-AD68-63E8F3F2016E}.Release|Any CPU.ActiveCfg = Release|Any CPU
		{5398A0DF-2A5C-4D15-AD68-63E8F3F2016E}.Release|Any CPU.Build.0 = Release|Any CPU
		{F885984C-6BF5-4ECB-A978-71B583ECE40D}.Debug|Any CPU.ActiveCfg = Debug|Any CPU
		{F885984C-6BF5-4ECB-A978-71B583ECE40D}.Debug|Any CPU.Build.0 = Debug|Any CPU
		{F885984C-6BF5-4ECB-A978-71B583ECE40D}.Release|Any CPU.ActiveCfg = Release|Any CPU
		{F885984C-6BF5-4ECB-A978-71B583ECE40D}.Release|Any CPU.Build.0 = Release|Any CPU
		{E454BAC8-575E-4D74-A8D0-87EBB27F648B}.Debug|Any CPU.ActiveCfg = Debug|Any CPU
		{E454BAC8-575E-4D74-A8D0-87EBB27F648B}.Debug|Any CPU.Build.0 = Debug|Any CPU
		{E454BAC8-575E-4D74-A8D0-87EBB27F648B}.Release|Any CPU.ActiveCfg = Release|Any CPU
		{E454BAC8-575E-4D74-A8D0-87EBB27F648B}.Release|Any CPU.Build.0 = Release|Any CPU
		{70230D52-A31C-47DC-A942-C23CA8AD8CD9}.Debug|Any CPU.ActiveCfg = Debug|Any CPU
		{70230D52-A31C-47DC-A942-C23CA8AD8CD9}.Debug|Any CPU.Build.0 = Debug|Any CPU
		{70230D52-A31C-47DC-A942-C23CA8AD8CD9}.Release|Any CPU.ActiveCfg = Release|Any CPU
		{70230D52-A31C-47DC-A942-C23CA8AD8CD9}.Release|Any CPU.Build.0 = Release|Any CPU
		{C78A0BE5-2672-427D-A220-3BF89C7B4950}.Debug|Any CPU.ActiveCfg = Debug|Any CPU
		{C78A0BE5-2672-427D-A220-3BF89C7B4950}.Debug|Any CPU.Build.0 = Debug|Any CPU
		{C78A0BE5-2672-427D-A220-3BF89C7B4950}.Release|Any CPU.ActiveCfg = Release|Any CPU
		{C78A0BE5-2672-427D-A220-3BF89C7B4950}.Release|Any CPU.Build.0 = Release|Any CPU
		{31D33636-3F14-4B5D-8153-B3187E31EA22}.Debug|Any CPU.ActiveCfg = Debug|Any CPU
		{31D33636-3F14-4B5D-8153-B3187E31EA22}.Debug|Any CPU.Build.0 = Debug|Any CPU
		{31D33636-3F14-4B5D-8153-B3187E31EA22}.Release|Any CPU.ActiveCfg = Release|Any CPU
		{31D33636-3F14-4B5D-8153-B3187E31EA22}.Release|Any CPU.Build.0 = Release|Any CPU
		{E8E9D489-EE5E-42D9-BB07-54477205D51C}.Debug|Any CPU.ActiveCfg = Debug|Any CPU
		{E8E9D489-EE5E-42D9-BB07-54477205D51C}.Debug|Any CPU.Build.0 = Debug|Any CPU
		{E8E9D489-EE5E-42D9-BB07-54477205D51C}.Release|Any CPU.ActiveCfg = Release|Any CPU
		{E8E9D489-EE5E-42D9-BB07-54477205D51C}.Release|Any CPU.Build.0 = Release|Any CPU
		{C90BB44C-2848-4403-A557-BAB1D3A98496}.Debug|Any CPU.ActiveCfg = Debug|Any CPU
		{C90BB44C-2848-4403-A557-BAB1D3A98496}.Debug|Any CPU.Build.0 = Debug|Any CPU
		{C90BB44C-2848-4403-A557-BAB1D3A98496}.Release|Any CPU.ActiveCfg = Release|Any CPU
		{C90BB44C-2848-4403-A557-BAB1D3A98496}.Release|Any CPU.Build.0 = Release|Any CPU
		{00587E68-7375-486A-91B2-6E2165E11446}.Debug|Any CPU.ActiveCfg = Debug|Any CPU
		{00587E68-7375-486A-91B2-6E2165E11446}.Debug|Any CPU.Build.0 = Debug|Any CPU
		{00587E68-7375-486A-91B2-6E2165E11446}.Release|Any CPU.ActiveCfg = Release|Any CPU
		{00587E68-7375-486A-91B2-6E2165E11446}.Release|Any CPU.Build.0 = Release|Any CPU
		{7860215A-1F77-44BF-B0E1-92796151F052}.Debug|Any CPU.ActiveCfg = Debug|Any CPU
		{7860215A-1F77-44BF-B0E1-92796151F052}.Debug|Any CPU.Build.0 = Debug|Any CPU
		{7860215A-1F77-44BF-B0E1-92796151F052}.Release|Any CPU.ActiveCfg = Release|Any CPU
		{7860215A-1F77-44BF-B0E1-92796151F052}.Release|Any CPU.Build.0 = Release|Any CPU
		{437E3385-E7C4-496B-B358-D2F9B25EC5BF}.Debug|Any CPU.ActiveCfg = Debug|Any CPU
		{437E3385-E7C4-496B-B358-D2F9B25EC5BF}.Debug|Any CPU.Build.0 = Debug|Any CPU
		{437E3385-E7C4-496B-B358-D2F9B25EC5BF}.Release|Any CPU.ActiveCfg = Release|Any CPU
		{437E3385-E7C4-496B-B358-D2F9B25EC5BF}.Release|Any CPU.Build.0 = Release|Any CPU
		{4E9C7802-A9BA-4432-9848-19583CF19D63}.Debug|Any CPU.ActiveCfg = Debug|Any CPU
		{4E9C7802-A9BA-4432-9848-19583CF19D63}.Debug|Any CPU.Build.0 = Debug|Any CPU
		{4E9C7802-A9BA-4432-9848-19583CF19D63}.Release|Any CPU.ActiveCfg = Release|Any CPU
		{4E9C7802-A9BA-4432-9848-19583CF19D63}.Release|Any CPU.Build.0 = Release|Any CPU
		{455AA673-B54F-42B6-B151-BF3DD34044BF}.Debug|Any CPU.ActiveCfg = Debug|Any CPU
		{455AA673-B54F-42B6-B151-BF3DD34044BF}.Debug|Any CPU.Build.0 = Debug|Any CPU
		{455AA673-B54F-42B6-B151-BF3DD34044BF}.Release|Any CPU.ActiveCfg = Release|Any CPU
		{455AA673-B54F-42B6-B151-BF3DD34044BF}.Release|Any CPU.Build.0 = Release|Any CPU
		{B9B94C53-F7F3-4F1A-9E7E-1348AD05210A}.Debug|Any CPU.ActiveCfg = Debug|Any CPU
		{B9B94C53-F7F3-4F1A-9E7E-1348AD05210A}.Debug|Any CPU.Build.0 = Debug|Any CPU
		{B9B94C53-F7F3-4F1A-9E7E-1348AD05210A}.Release|Any CPU.ActiveCfg = Release|Any CPU
		{B9B94C53-F7F3-4F1A-9E7E-1348AD05210A}.Release|Any CPU.Build.0 = Release|Any CPU
		{6F7A4195-11D2-4636-9ECB-F73262D28E3D}.Debug|Any CPU.ActiveCfg = Debug|Any CPU
		{6F7A4195-11D2-4636-9ECB-F73262D28E3D}.Debug|Any CPU.Build.0 = Debug|Any CPU
		{6F7A4195-11D2-4636-9ECB-F73262D28E3D}.Release|Any CPU.ActiveCfg = Release|Any CPU
		{6F7A4195-11D2-4636-9ECB-F73262D28E3D}.Release|Any CPU.Build.0 = Release|Any CPU
		{75753838-4A88-4FE1-BA02-9C3371DE714A}.Debug|Any CPU.ActiveCfg = Debug|Any CPU
		{75753838-4A88-4FE1-BA02-9C3371DE714A}.Debug|Any CPU.Build.0 = Debug|Any CPU
		{75753838-4A88-4FE1-BA02-9C3371DE714A}.Release|Any CPU.ActiveCfg = Release|Any CPU
		{75753838-4A88-4FE1-BA02-9C3371DE714A}.Release|Any CPU.Build.0 = Release|Any CPU
		{09FF61F5-FF86-4745-9B31-615BFE343B21}.Debug|Any CPU.ActiveCfg = Debug|Any CPU
		{09FF61F5-FF86-4745-9B31-615BFE343B21}.Debug|Any CPU.Build.0 = Debug|Any CPU
		{09FF61F5-FF86-4745-9B31-615BFE343B21}.Release|Any CPU.ActiveCfg = Release|Any CPU
		{09FF61F5-FF86-4745-9B31-615BFE343B21}.Release|Any CPU.Build.0 = Release|Any CPU
		{C11E81EA-3545-4D89-8B6E-1348FB0BA186}.Debug|Any CPU.ActiveCfg = Debug|Any CPU
		{C11E81EA-3545-4D89-8B6E-1348FB0BA186}.Debug|Any CPU.Build.0 = Debug|Any CPU
		{C11E81EA-3545-4D89-8B6E-1348FB0BA186}.Release|Any CPU.ActiveCfg = Release|Any CPU
		{C11E81EA-3545-4D89-8B6E-1348FB0BA186}.Release|Any CPU.Build.0 = Release|Any CPU
		{9798DE5A-B8F8-45FB-922B-FBDFAD8C798F}.Debug|Any CPU.ActiveCfg = Debug|Any CPU
		{9798DE5A-B8F8-45FB-922B-FBDFAD8C798F}.Debug|Any CPU.Build.0 = Debug|Any CPU
		{9798DE5A-B8F8-45FB-922B-FBDFAD8C798F}.Release|Any CPU.ActiveCfg = Release|Any CPU
		{9798DE5A-B8F8-45FB-922B-FBDFAD8C798F}.Release|Any CPU.Build.0 = Release|Any CPU
		{ED3B9ABB-F65D-4C02-BA2D-A9A55FC5B830}.Debug|Any CPU.ActiveCfg = Debug|Any CPU
		{ED3B9ABB-F65D-4C02-BA2D-A9A55FC5B830}.Debug|Any CPU.Build.0 = Debug|Any CPU
		{ED3B9ABB-F65D-4C02-BA2D-A9A55FC5B830}.Release|Any CPU.ActiveCfg = Release|Any CPU
		{ED3B9ABB-F65D-4C02-BA2D-A9A55FC5B830}.Release|Any CPU.Build.0 = Release|Any CPU
		{845BC0EE-F945-4DF7-8B2E-C33E9C85645A}.Debug|Any CPU.ActiveCfg = Debug|Any CPU
		{845BC0EE-F945-4DF7-8B2E-C33E9C85645A}.Debug|Any CPU.Build.0 = Debug|Any CPU
		{845BC0EE-F945-4DF7-8B2E-C33E9C85645A}.Release|Any CPU.ActiveCfg = Release|Any CPU
		{845BC0EE-F945-4DF7-8B2E-C33E9C85645A}.Release|Any CPU.Build.0 = Release|Any CPU
		{08B3F53C-5F46-4320-B903-7626B88C5E37}.Debug|Any CPU.ActiveCfg = Debug|Any CPU
		{08B3F53C-5F46-4320-B903-7626B88C5E37}.Debug|Any CPU.Build.0 = Debug|Any CPU
		{08B3F53C-5F46-4320-B903-7626B88C5E37}.Release|Any CPU.ActiveCfg = Release|Any CPU
		{08B3F53C-5F46-4320-B903-7626B88C5E37}.Release|Any CPU.Build.0 = Release|Any CPU
		{5D9BEE8A-0B75-44E7-A4CE-70A55E0681EE}.Debug|Any CPU.ActiveCfg = Debug|Any CPU
		{5D9BEE8A-0B75-44E7-A4CE-70A55E0681EE}.Debug|Any CPU.Build.0 = Debug|Any CPU
		{5D9BEE8A-0B75-44E7-A4CE-70A55E0681EE}.Release|Any CPU.ActiveCfg = Release|Any CPU
		{5D9BEE8A-0B75-44E7-A4CE-70A55E0681EE}.Release|Any CPU.Build.0 = Release|Any CPU
		{69761186-B547-492E-B562-13B0DD3E683E}.Debug|Any CPU.ActiveCfg = Debug|Any CPU
		{69761186-B547-492E-B562-13B0DD3E683E}.Debug|Any CPU.Build.0 = Debug|Any CPU
		{69761186-B547-492E-B562-13B0DD3E683E}.Release|Any CPU.ActiveCfg = Release|Any CPU
		{69761186-B547-492E-B562-13B0DD3E683E}.Release|Any CPU.Build.0 = Release|Any CPU
		{553B7682-3D94-4902-A32E-14CC19B5C06A}.Debug|Any CPU.ActiveCfg = Debug|Any CPU
		{553B7682-3D94-4902-A32E-14CC19B5C06A}.Debug|Any CPU.Build.0 = Debug|Any CPU
		{553B7682-3D94-4902-A32E-14CC19B5C06A}.Release|Any CPU.ActiveCfg = Release|Any CPU
		{553B7682-3D94-4902-A32E-14CC19B5C06A}.Release|Any CPU.Build.0 = Release|Any CPU
		{03C24E4C-63D7-45B2-B531-1BC06A25AEB8}.Debug|Any CPU.ActiveCfg = Debug|Any CPU
		{03C24E4C-63D7-45B2-B531-1BC06A25AEB8}.Debug|Any CPU.Build.0 = Debug|Any CPU
		{03C24E4C-63D7-45B2-B531-1BC06A25AEB8}.Release|Any CPU.ActiveCfg = Release|Any CPU
		{03C24E4C-63D7-45B2-B531-1BC06A25AEB8}.Release|Any CPU.Build.0 = Release|Any CPU
		{6AA9D10A-56A7-4295-A1B1-E5D8DF6BC809}.Debug|Any CPU.ActiveCfg = Debug|Any CPU
		{6AA9D10A-56A7-4295-A1B1-E5D8DF6BC809}.Debug|Any CPU.Build.0 = Debug|Any CPU
		{6AA9D10A-56A7-4295-A1B1-E5D8DF6BC809}.Release|Any CPU.ActiveCfg = Release|Any CPU
		{6AA9D10A-56A7-4295-A1B1-E5D8DF6BC809}.Release|Any CPU.Build.0 = Release|Any CPU
		{A69EA180-7479-40E4-908E-15D8590C6C19}.Debug|Any CPU.ActiveCfg = Debug|Any CPU
		{A69EA180-7479-40E4-908E-15D8590C6C19}.Debug|Any CPU.Build.0 = Debug|Any CPU
		{A69EA180-7479-40E4-908E-15D8590C6C19}.Release|Any CPU.ActiveCfg = Release|Any CPU
		{A69EA180-7479-40E4-908E-15D8590C6C19}.Release|Any CPU.Build.0 = Release|Any CPU
		{AE81B42E-F593-4F51-A308-9D11B3C83F3D}.Debug|Any CPU.ActiveCfg = Debug|Any CPU
		{AE81B42E-F593-4F51-A308-9D11B3C83F3D}.Debug|Any CPU.Build.0 = Debug|Any CPU
		{AE81B42E-F593-4F51-A308-9D11B3C83F3D}.Release|Any CPU.ActiveCfg = Release|Any CPU
		{AE81B42E-F593-4F51-A308-9D11B3C83F3D}.Release|Any CPU.Build.0 = Release|Any CPU
		{14B26A03-9B13-4B7D-9F27-A5BF11B76F30}.Debug|Any CPU.ActiveCfg = Debug|Any CPU
		{14B26A03-9B13-4B7D-9F27-A5BF11B76F30}.Debug|Any CPU.Build.0 = Debug|Any CPU
		{14B26A03-9B13-4B7D-9F27-A5BF11B76F30}.Release|Any CPU.ActiveCfg = Release|Any CPU
		{14B26A03-9B13-4B7D-9F27-A5BF11B76F30}.Release|Any CPU.Build.0 = Release|Any CPU
		{633324A5-1B82-4A52-BB36-9F0111E0E76F}.Debug|Any CPU.ActiveCfg = Debug|Any CPU
		{633324A5-1B82-4A52-BB36-9F0111E0E76F}.Debug|Any CPU.Build.0 = Debug|Any CPU
		{633324A5-1B82-4A52-BB36-9F0111E0E76F}.Release|Any CPU.ActiveCfg = Release|Any CPU
		{633324A5-1B82-4A52-BB36-9F0111E0E76F}.Release|Any CPU.Build.0 = Release|Any CPU
		{3A1CD464-190E-4256-AE66-05684C15392F}.Debug|Any CPU.ActiveCfg = Debug|Any CPU
		{3A1CD464-190E-4256-AE66-05684C15392F}.Debug|Any CPU.Build.0 = Debug|Any CPU
		{3A1CD464-190E-4256-AE66-05684C15392F}.Release|Any CPU.ActiveCfg = Release|Any CPU
		{3A1CD464-190E-4256-AE66-05684C15392F}.Release|Any CPU.Build.0 = Release|Any CPU
		{3D0118E6-C291-4D4A-B631-0A2811860A83}.Debug|Any CPU.ActiveCfg = Debug|Any CPU
		{3D0118E6-C291-4D4A-B631-0A2811860A83}.Debug|Any CPU.Build.0 = Debug|Any CPU
		{3D0118E6-C291-4D4A-B631-0A2811860A83}.Release|Any CPU.ActiveCfg = Release|Any CPU
		{3D0118E6-C291-4D4A-B631-0A2811860A83}.Release|Any CPU.Build.0 = Release|Any CPU
		{4C4B5CFA-FE9F-4651-9041-C92C5E4FB8A7}.Debug|Any CPU.ActiveCfg = Debug|Any CPU
		{4C4B5CFA-FE9F-4651-9041-C92C5E4FB8A7}.Debug|Any CPU.Build.0 = Debug|Any CPU
		{4C4B5CFA-FE9F-4651-9041-C92C5E4FB8A7}.Release|Any CPU.ActiveCfg = Release|Any CPU
		{4C4B5CFA-FE9F-4651-9041-C92C5E4FB8A7}.Release|Any CPU.Build.0 = Release|Any CPU
		{9E3B5C7E-6D0C-4D88-94CD-62124B0AEE93}.Debug|Any CPU.ActiveCfg = Debug|Any CPU
		{9E3B5C7E-6D0C-4D88-94CD-62124B0AEE93}.Debug|Any CPU.Build.0 = Debug|Any CPU
		{9E3B5C7E-6D0C-4D88-94CD-62124B0AEE93}.Release|Any CPU.ActiveCfg = Release|Any CPU
		{9E3B5C7E-6D0C-4D88-94CD-62124B0AEE93}.Release|Any CPU.Build.0 = Release|Any CPU
		{87BA442D-3335-424C-8E68-3B4F41C51A38}.Debug|Any CPU.ActiveCfg = Debug|Any CPU
		{87BA442D-3335-424C-8E68-3B4F41C51A38}.Debug|Any CPU.Build.0 = Debug|Any CPU
		{87BA442D-3335-424C-8E68-3B4F41C51A38}.Release|Any CPU.ActiveCfg = Release|Any CPU
		{87BA442D-3335-424C-8E68-3B4F41C51A38}.Release|Any CPU.Build.0 = Release|Any CPU
		{2FF848FE-70D7-4B78-9935-3B647D87B4D5}.Debug|Any CPU.ActiveCfg = Debug|Any CPU
		{2FF848FE-70D7-4B78-9935-3B647D87B4D5}.Debug|Any CPU.Build.0 = Debug|Any CPU
		{2FF848FE-70D7-4B78-9935-3B647D87B4D5}.Release|Any CPU.ActiveCfg = Release|Any CPU
		{2FF848FE-70D7-4B78-9935-3B647D87B4D5}.Release|Any CPU.Build.0 = Release|Any CPU
		{6EEA4A21-6505-4E93-A971-21F0E9387008}.Debug|Any CPU.ActiveCfg = Debug|Any CPU
		{6EEA4A21-6505-4E93-A971-21F0E9387008}.Debug|Any CPU.Build.0 = Debug|Any CPU
		{6EEA4A21-6505-4E93-A971-21F0E9387008}.Release|Any CPU.ActiveCfg = Release|Any CPU
		{6EEA4A21-6505-4E93-A971-21F0E9387008}.Release|Any CPU.Build.0 = Release|Any CPU
		{FF9211D2-BF38-4377-8576-F47EFEAEF987}.Debug|Any CPU.ActiveCfg = Debug|Any CPU
		{FF9211D2-BF38-4377-8576-F47EFEAEF987}.Debug|Any CPU.Build.0 = Debug|Any CPU
		{FF9211D2-BF38-4377-8576-F47EFEAEF987}.Release|Any CPU.ActiveCfg = Release|Any CPU
		{FF9211D2-BF38-4377-8576-F47EFEAEF987}.Release|Any CPU.Build.0 = Release|Any CPU
		{56D2619E-7001-4BE4-ABF5-A9A4749D9354}.Debug|Any CPU.ActiveCfg = Debug|Any CPU
		{56D2619E-7001-4BE4-ABF5-A9A4749D9354}.Debug|Any CPU.Build.0 = Debug|Any CPU
		{56D2619E-7001-4BE4-ABF5-A9A4749D9354}.Release|Any CPU.ActiveCfg = Release|Any CPU
		{56D2619E-7001-4BE4-ABF5-A9A4749D9354}.Release|Any CPU.Build.0 = Release|Any CPU
		{4FA34499-62DA-487B-BEB8-DDBA09DDF169}.Debug|Any CPU.ActiveCfg = Debug|Any CPU
		{4FA34499-62DA-487B-BEB8-DDBA09DDF169}.Debug|Any CPU.Build.0 = Debug|Any CPU
		{4FA34499-62DA-487B-BEB8-DDBA09DDF169}.Release|Any CPU.ActiveCfg = Release|Any CPU
		{4FA34499-62DA-487B-BEB8-DDBA09DDF169}.Release|Any CPU.Build.0 = Release|Any CPU
		{F98A948F-CA6D-4659-AFB9-4D36020D1431}.Debug|Any CPU.ActiveCfg = Debug|Any CPU
		{F98A948F-CA6D-4659-AFB9-4D36020D1431}.Debug|Any CPU.Build.0 = Debug|Any CPU
		{F98A948F-CA6D-4659-AFB9-4D36020D1431}.Release|Any CPU.ActiveCfg = Release|Any CPU
		{F98A948F-CA6D-4659-AFB9-4D36020D1431}.Release|Any CPU.Build.0 = Release|Any CPU
		{7E7D8F7A-21F0-4F09-AE31-92E1079AAE84}.Debug|Any CPU.ActiveCfg = Debug|Any CPU
		{7E7D8F7A-21F0-4F09-AE31-92E1079AAE84}.Debug|Any CPU.Build.0 = Debug|Any CPU
		{7E7D8F7A-21F0-4F09-AE31-92E1079AAE84}.Release|Any CPU.ActiveCfg = Release|Any CPU
		{7E7D8F7A-21F0-4F09-AE31-92E1079AAE84}.Release|Any CPU.Build.0 = Release|Any CPU
		{AECB0BDF-B801-47CF-B78F-A1A356C1FAD4}.Debug|Any CPU.ActiveCfg = Debug|Any CPU
		{AECB0BDF-B801-47CF-B78F-A1A356C1FAD4}.Debug|Any CPU.Build.0 = Debug|Any CPU
		{AECB0BDF-B801-47CF-B78F-A1A356C1FAD4}.Release|Any CPU.ActiveCfg = Release|Any CPU
		{AECB0BDF-B801-47CF-B78F-A1A356C1FAD4}.Release|Any CPU.Build.0 = Release|Any CPU
		{D7E4542C-1F8A-4E29-A477-CB8CA6AA7D41}.Debug|Any CPU.ActiveCfg = Debug|Any CPU
		{D7E4542C-1F8A-4E29-A477-CB8CA6AA7D41}.Debug|Any CPU.Build.0 = Debug|Any CPU
		{D7E4542C-1F8A-4E29-A477-CB8CA6AA7D41}.Release|Any CPU.ActiveCfg = Release|Any CPU
		{D7E4542C-1F8A-4E29-A477-CB8CA6AA7D41}.Release|Any CPU.Build.0 = Release|Any CPU
		{A8A0D473-9E97-42CE-9AB2-991CACDEB517}.Debug|Any CPU.ActiveCfg = Debug|Any CPU
		{A8A0D473-9E97-42CE-9AB2-991CACDEB517}.Debug|Any CPU.Build.0 = Debug|Any CPU
		{A8A0D473-9E97-42CE-9AB2-991CACDEB517}.Release|Any CPU.ActiveCfg = Release|Any CPU
		{A8A0D473-9E97-42CE-9AB2-991CACDEB517}.Release|Any CPU.Build.0 = Release|Any CPU
		{F352B82F-5FF0-4306-BF75-6EC1E097B9C2}.Debug|Any CPU.ActiveCfg = Debug|Any CPU
		{F352B82F-5FF0-4306-BF75-6EC1E097B9C2}.Debug|Any CPU.Build.0 = Debug|Any CPU
		{F352B82F-5FF0-4306-BF75-6EC1E097B9C2}.Release|Any CPU.ActiveCfg = Release|Any CPU
		{F352B82F-5FF0-4306-BF75-6EC1E097B9C2}.Release|Any CPU.Build.0 = Release|Any CPU
		{3F11D47B-6D04-4825-B8C8-35C82B91529E}.Debug|Any CPU.ActiveCfg = Debug|Any CPU
		{3F11D47B-6D04-4825-B8C8-35C82B91529E}.Debug|Any CPU.Build.0 = Debug|Any CPU
		{3F11D47B-6D04-4825-B8C8-35C82B91529E}.Release|Any CPU.ActiveCfg = Release|Any CPU
		{3F11D47B-6D04-4825-B8C8-35C82B91529E}.Release|Any CPU.Build.0 = Release|Any CPU
		{F1848A8C-452C-41B9-AACF-CC9274FF52D0}.Debug|Any CPU.ActiveCfg = Debug|Any CPU
		{F1848A8C-452C-41B9-AACF-CC9274FF52D0}.Debug|Any CPU.Build.0 = Debug|Any CPU
		{F1848A8C-452C-41B9-AACF-CC9274FF52D0}.Release|Any CPU.ActiveCfg = Release|Any CPU
		{F1848A8C-452C-41B9-AACF-CC9274FF52D0}.Release|Any CPU.Build.0 = Release|Any CPU
		{0B52A643-C2F9-4327-A21A-2D99D7F08C02}.Debug|Any CPU.ActiveCfg = Debug|Any CPU
		{0B52A643-C2F9-4327-A21A-2D99D7F08C02}.Debug|Any CPU.Build.0 = Debug|Any CPU
		{0B52A643-C2F9-4327-A21A-2D99D7F08C02}.Release|Any CPU.ActiveCfg = Release|Any CPU
		{0B52A643-C2F9-4327-A21A-2D99D7F08C02}.Release|Any CPU.Build.0 = Release|Any CPU
		{FDCA101F-7FEB-488E-8747-B69A917C41EE}.Debug|Any CPU.ActiveCfg = Debug|Any CPU
		{FDCA101F-7FEB-488E-8747-B69A917C41EE}.Debug|Any CPU.Build.0 = Debug|Any CPU
		{FDCA101F-7FEB-488E-8747-B69A917C41EE}.Release|Any CPU.ActiveCfg = Release|Any CPU
		{FDCA101F-7FEB-488E-8747-B69A917C41EE}.Release|Any CPU.Build.0 = Release|Any CPU
		{7381AF13-A8DD-4B34-AFF2-D1B6FACE1E88}.Debug|Any CPU.ActiveCfg = Debug|Any CPU
		{7381AF13-A8DD-4B34-AFF2-D1B6FACE1E88}.Debug|Any CPU.Build.0 = Debug|Any CPU
		{7381AF13-A8DD-4B34-AFF2-D1B6FACE1E88}.Release|Any CPU.ActiveCfg = Release|Any CPU
		{7381AF13-A8DD-4B34-AFF2-D1B6FACE1E88}.Release|Any CPU.Build.0 = Release|Any CPU
		{9707B37F-4F4E-46DE-94BC-AD4C9CEF296C}.Debug|Any CPU.ActiveCfg = Debug|Any CPU
		{9707B37F-4F4E-46DE-94BC-AD4C9CEF296C}.Debug|Any CPU.Build.0 = Debug|Any CPU
		{9707B37F-4F4E-46DE-94BC-AD4C9CEF296C}.Release|Any CPU.ActiveCfg = Release|Any CPU
		{9707B37F-4F4E-46DE-94BC-AD4C9CEF296C}.Release|Any CPU.Build.0 = Release|Any CPU
		{3712C395-FB69-4680-8901-3219AF640BA4}.Debug|Any CPU.ActiveCfg = Debug|Any CPU
		{3712C395-FB69-4680-8901-3219AF640BA4}.Debug|Any CPU.Build.0 = Debug|Any CPU
		{3712C395-FB69-4680-8901-3219AF640BA4}.Release|Any CPU.ActiveCfg = Release|Any CPU
		{3712C395-FB69-4680-8901-3219AF640BA4}.Release|Any CPU.Build.0 = Release|Any CPU
		{A17C0294-A595-47B5-B1C8-4128D3B30D72}.Debug|Any CPU.ActiveCfg = Debug|Any CPU
		{A17C0294-A595-47B5-B1C8-4128D3B30D72}.Debug|Any CPU.Build.0 = Debug|Any CPU
		{A17C0294-A595-47B5-B1C8-4128D3B30D72}.Release|Any CPU.ActiveCfg = Release|Any CPU
		{A17C0294-A595-47B5-B1C8-4128D3B30D72}.Release|Any CPU.Build.0 = Release|Any CPU
		{4DC794BA-8EA9-4887-BCB5-DB896B05B6B9}.Debug|Any CPU.ActiveCfg = Debug|Any CPU
		{4DC794BA-8EA9-4887-BCB5-DB896B05B6B9}.Debug|Any CPU.Build.0 = Debug|Any CPU
		{4DC794BA-8EA9-4887-BCB5-DB896B05B6B9}.Release|Any CPU.ActiveCfg = Release|Any CPU
		{4DC794BA-8EA9-4887-BCB5-DB896B05B6B9}.Release|Any CPU.Build.0 = Release|Any CPU
		{54BFBB0E-8563-4FA0-90B7-65680164C349}.Debug|Any CPU.ActiveCfg = Debug|Any CPU
		{54BFBB0E-8563-4FA0-90B7-65680164C349}.Debug|Any CPU.Build.0 = Debug|Any CPU
		{54BFBB0E-8563-4FA0-90B7-65680164C349}.Release|Any CPU.ActiveCfg = Release|Any CPU
		{54BFBB0E-8563-4FA0-90B7-65680164C349}.Release|Any CPU.Build.0 = Release|Any CPU
		{BC7F7480-B002-4DBB-8E12-D227AE898125}.Debug|Any CPU.ActiveCfg = Debug|Any CPU
		{BC7F7480-B002-4DBB-8E12-D227AE898125}.Debug|Any CPU.Build.0 = Debug|Any CPU
		{BC7F7480-B002-4DBB-8E12-D227AE898125}.Release|Any CPU.ActiveCfg = Release|Any CPU
		{BC7F7480-B002-4DBB-8E12-D227AE898125}.Release|Any CPU.Build.0 = Release|Any CPU
		{B67F22A8-D397-4DC6-B3CD-AF1DB07A774E}.Debug|Any CPU.ActiveCfg = Debug|Any CPU
		{B67F22A8-D397-4DC6-B3CD-AF1DB07A774E}.Debug|Any CPU.Build.0 = Debug|Any CPU
		{B67F22A8-D397-4DC6-B3CD-AF1DB07A774E}.Release|Any CPU.ActiveCfg = Release|Any CPU
		{B67F22A8-D397-4DC6-B3CD-AF1DB07A774E}.Release|Any CPU.Build.0 = Release|Any CPU
		{DD0FA426-FAFB-45AF-A7D8-566BED1CF273}.Debug|Any CPU.ActiveCfg = Debug|Any CPU
		{DD0FA426-FAFB-45AF-A7D8-566BED1CF273}.Debug|Any CPU.Build.0 = Debug|Any CPU
		{DD0FA426-FAFB-45AF-A7D8-566BED1CF273}.Release|Any CPU.ActiveCfg = Release|Any CPU
		{DD0FA426-FAFB-45AF-A7D8-566BED1CF273}.Release|Any CPU.Build.0 = Release|Any CPU
		{E1F1E5CD-A801-42B4-8675-DB8259DB754F}.Debug|Any CPU.ActiveCfg = Debug|Any CPU
		{E1F1E5CD-A801-42B4-8675-DB8259DB754F}.Debug|Any CPU.Build.0 = Debug|Any CPU
		{E1F1E5CD-A801-42B4-8675-DB8259DB754F}.Release|Any CPU.ActiveCfg = Release|Any CPU
		{E1F1E5CD-A801-42B4-8675-DB8259DB754F}.Release|Any CPU.Build.0 = Release|Any CPU
		{760C2778-085E-49F9-A7BC-CDC54D288AC1}.Debug|Any CPU.ActiveCfg = Debug|Any CPU
		{760C2778-085E-49F9-A7BC-CDC54D288AC1}.Debug|Any CPU.Build.0 = Debug|Any CPU
		{760C2778-085E-49F9-A7BC-CDC54D288AC1}.Release|Any CPU.ActiveCfg = Release|Any CPU
		{760C2778-085E-49F9-A7BC-CDC54D288AC1}.Release|Any CPU.Build.0 = Release|Any CPU
	EndGlobalSection
	GlobalSection(NestedProjects) = preSolution
		{87BA442D-3335-424C-8E68-3B4F41C51A38} = {BBF2CF12-F1F9-4FFA-B2C6-9BA74FBB96E4}
		{9E3B5C7E-6D0C-4D88-94CD-62124B0AEE93} = {BBF2CF12-F1F9-4FFA-B2C6-9BA74FBB96E4}
		{2FF848FE-70D7-4B78-9935-3B647D87B4D5} = {BBF2CF12-F1F9-4FFA-B2C6-9BA74FBB96E4}
		{3D0118E6-C291-4D4A-B631-0A2811860A83} = {C33ABE7D-FA08-40A7-8369-6D88BC8B3719}
		{3A1CD464-190E-4256-AE66-05684C15392F} = {C33ABE7D-FA08-40A7-8369-6D88BC8B3719}
		{14B26A03-9B13-4B7D-9F27-A5BF11B76F30} = {C33ABE7D-FA08-40A7-8369-6D88BC8B3719}
		{AE81B42E-F593-4F51-A308-9D11B3C83F3D} = {C33ABE7D-FA08-40A7-8369-6D88BC8B3719}
		{633324A5-1B82-4A52-BB36-9F0111E0E76F} = {C33ABE7D-FA08-40A7-8369-6D88BC8B3719}
		{A69EA180-7479-40E4-908E-15D8590C6C19} = {C33ABE7D-FA08-40A7-8369-6D88BC8B3719}
		{4C4B5CFA-FE9F-4651-9041-C92C5E4FB8A7} = {C33ABE7D-FA08-40A7-8369-6D88BC8B3719}
		{03C24E4C-63D7-45B2-B531-1BC06A25AEB8} = {D221FA00-C90E-4E79-8277-E97396FD90F1}
		{553B7682-3D94-4902-A32E-14CC19B5C06A} = {D221FA00-C90E-4E79-8277-E97396FD90F1}
		{6AA9D10A-56A7-4295-A1B1-E5D8DF6BC809} = {D221FA00-C90E-4E79-8277-E97396FD90F1}
		{69761186-B547-492E-B562-13B0DD3E683E} = {FA242B30-8897-43B9-8735-979C683636E2}
		{5D9BEE8A-0B75-44E7-A4CE-70A55E0681EE} = {FA242B30-8897-43B9-8735-979C683636E2}
		{08B3F53C-5F46-4320-B903-7626B88C5E37} = {FA242B30-8897-43B9-8735-979C683636E2}
		{845BC0EE-F945-4DF7-8B2E-C33E9C85645A} = {FA242B30-8897-43B9-8735-979C683636E2}
		{ED3B9ABB-F65D-4C02-BA2D-A9A55FC5B830} = {FA242B30-8897-43B9-8735-979C683636E2}
		{00587E68-7375-486A-91B2-6E2165E11446} = {5C84F224-098A-43BE-9BD0-0DA7154B38BF}
		{C78A0BE5-2672-427D-A220-3BF89C7B4950} = {5C84F224-098A-43BE-9BD0-0DA7154B38BF}
		{70230D52-A31C-47DC-A942-C23CA8AD8CD9} = {5C84F224-098A-43BE-9BD0-0DA7154B38BF}
		{C90BB44C-2848-4403-A557-BAB1D3A98496} = {5C84F224-098A-43BE-9BD0-0DA7154B38BF}
		{31D33636-3F14-4B5D-8153-B3187E31EA22} = {5C84F224-098A-43BE-9BD0-0DA7154B38BF}
		{E8E9D489-EE5E-42D9-BB07-54477205D51C} = {5C84F224-098A-43BE-9BD0-0DA7154B38BF}
		{E454BAC8-575E-4D74-A8D0-87EBB27F648B} = {5C84F224-098A-43BE-9BD0-0DA7154B38BF}
		{437E3385-E7C4-496B-B358-D2F9B25EC5BF} = {5C84F224-098A-43BE-9BD0-0DA7154B38BF}
		{7860215A-1F77-44BF-B0E1-92796151F052} = {5C84F224-098A-43BE-9BD0-0DA7154B38BF}
		{6B3D3334-F009-4977-A659-D735C0121710} = {6F4D63F7-92E0-4D1B-9BDD-446C7C22F2B5}
		{DDAF59E4-8321-4C01-8CB0-C1ED95A50CA1} = {6F4D63F7-92E0-4D1B-9BDD-446C7C22F2B5}
		{F8593BF5-1374-412C-A65D-E6AD4C16BEC6} = {6F4D63F7-92E0-4D1B-9BDD-446C7C22F2B5}
		{3A72C932-8B05-4750-8034-9178EA830A66} = {6F4D63F7-92E0-4D1B-9BDD-446C7C22F2B5}
		{496D9455-41A2-4F66-A7D8-2DA534BC8EFE} = {6F4D63F7-92E0-4D1B-9BDD-446C7C22F2B5}
		{0070F83A-9815-4B66-BF99-DBB25804BD25} = {6F4D63F7-92E0-4D1B-9BDD-446C7C22F2B5}
		{C7C0055F-4348-457D-99D8-58ED25F78359} = {6F4D63F7-92E0-4D1B-9BDD-446C7C22F2B5}
		{18D11BB4-9AE0-4C3E-984C-6D80C8833E9C} = {6F4D63F7-92E0-4D1B-9BDD-446C7C22F2B5}
		{9015F103-9914-45C7-95F4-7885EFA83950} = {6F4D63F7-92E0-4D1B-9BDD-446C7C22F2B5}
		{77D275B2-BAE8-403E-89BB-4F6A764BA305} = {F0FB5A78-03DF-43A8-9D07-A15CAF2B8049}
		{C49D0145-462D-4A2B-8C47-656AD777AD81} = {F0FB5A78-03DF-43A8-9D07-A15CAF2B8049}
		{05406AF6-4BA9-4F5F-8E32-C450E208B6CB} = {F0FB5A78-03DF-43A8-9D07-A15CAF2B8049}
		{13B22711-4E0B-418D-8CF7-A3AF30347D8E} = {F0FB5A78-03DF-43A8-9D07-A15CAF2B8049}
		{5D8CC303-DBBA-4B28-B5F6-BB21171A4D5B} = {F0FB5A78-03DF-43A8-9D07-A15CAF2B8049}
		{916CAB7F-01AB-456F-A0D7-22FE10752EA1} = {916CAB7F-01AB-456F-A0D7-22FE10752EA1}
		{46686814-23B1-4732-B979-E7B36612E437} = {AD4D0D34-8816-41ED-BDF2-AD9491E20D97}
		{56C02948-64A0-430B-933C-E84FD131D108} = {AD4D0D34-8816-41ED-BDF2-AD9491E20D97}
		{D087271B-E7B6-4D98-B83B-89B2F78C93D5} = {AD4D0D34-8816-41ED-BDF2-AD9491E20D97}
		{C5535C04-3CF5-4456-A4CE-86DF656990EA} = {AD4D0D34-8816-41ED-BDF2-AD9491E20D97}
		{B08764FC-2CD6-4DA5-8854-3693E88724BD} = {AD4D0D34-8816-41ED-BDF2-AD9491E20D97}
	EndGlobalSection
EndGlobal
